// !$*UTF8*$!
{
	archiveVersion = 1;
	classes = {
	};
	objectVersion = 46;
	objects = {

/* Begin PBXBuildFile section */
		368B0B5E1FCBFFA300172BDB /* VideoToolbox.framework in Frameworks */ = {isa = PBXBuildFile; fileRef = 368B0B5D1FCBFF8D00172BDB /* VideoToolbox.framework */; };
		368B0B601FCBFFB600172BDB /* CoreMedia.framework in Frameworks */ = {isa = PBXBuildFile; fileRef = 368B0B5F1FCBFFB000172BDB /* CoreMedia.framework */; };
		664FAC87206396D800A2C767 /* libavutil.a in Frameworks */ = {isa = PBXBuildFile; fileRef = 664FAC80206396D800A2C767 /* libavutil.a */; };
		664FAC88206396D800A2C767 /* libavfilter.a in Frameworks */ = {isa = PBXBuildFile; fileRef = 664FAC81206396D800A2C767 /* libavfilter.a */; };
		664FAC89206396D800A2C767 /* libavcodec.a in Frameworks */ = {isa = PBXBuildFile; fileRef = 664FAC82206396D800A2C767 /* libavcodec.a */; };
		664FAC8A206396D800A2C767 /* libavformat.a in Frameworks */ = {isa = PBXBuildFile; fileRef = 664FAC83206396D800A2C767 /* libavformat.a */; };
		664FAC8B206396D800A2C767 /* libavdevice.a in Frameworks */ = {isa = PBXBuildFile; fileRef = 664FAC84206396D800A2C767 /* libavdevice.a */; };
		664FAC8C206396D800A2C767 /* libswresample.a in Frameworks */ = {isa = PBXBuildFile; fileRef = 664FAC85206396D800A2C767 /* libswresample.a */; };
		664FAC8D206396D800A2C767 /* libswscale.a in Frameworks */ = {isa = PBXBuildFile; fileRef = 664FAC86206396D800A2C767 /* libswscale.a */; };
		669677AA22753F5B00E92A8A /* RootViewController.m in Sources */ = {isa = PBXBuildFile; fileRef = 6696774422753F5A00E92A8A /* RootViewController.m */; };
		669677AB22753F5B00E92A8A /* RecordListViewController.m in Sources */ = {isa = PBXBuildFile; fileRef = 6696774722753F5A00E92A8A /* RecordListViewController.m */; };
		669677AC22753F5B00E92A8A /* RecordViewController.m in Sources */ = {isa = PBXBuildFile; fileRef = 6696774822753F5A00E92A8A /* RecordViewController.m */; };
		669677AD22753F5B00E92A8A /* PlayRecordViewController.m in Sources */ = {isa = PBXBuildFile; fileRef = 6696774B22753F5A00E92A8A /* PlayRecordViewController.m */; };
		669677AE22753F5B00E92A8A /* ScreenShotListViewController.m in Sources */ = {isa = PBXBuildFile; fileRef = 6696774C22753F5A00E92A8A /* ScreenShotListViewController.m */; };
		669677AF22753F5B00E92A8A /* EditURLViewController.m in Sources */ = {isa = PBXBuildFile; fileRef = 6696774E22753F5A00E92A8A /* EditURLViewController.m */; };
		669677B022753F5B00E92A8A /* ScanViewController.m in Sources */ = {isa = PBXBuildFile; fileRef = 6696774F22753F5A00E92A8A /* ScanViewController.m */; };
		669677B122753F5B00E92A8A /* AboutViewController.m in Sources */ = {isa = PBXBuildFile; fileRef = 6696775422753F5A00E92A8A /* AboutViewController.m */; };
		669677B222753F5B00E92A8A /* SettingViewController.m in Sources */ = {isa = PBXBuildFile; fileRef = 6696775722753F5A00E92A8A /* SettingViewController.m */; };
		669677B322753F5B00E92A8A /* SplitScreenViewController.m in Sources */ = {isa = PBXBuildFile; fileRef = 6696775922753F5A00E92A8A /* SplitScreenViewController.m */; };
		669677B422753F5B00E92A8A /* VideoPlayerController.m in Sources */ = {isa = PBXBuildFile; fileRef = 6696775A22753F5A00E92A8A /* VideoPlayerController.m */; };
		669677B522753F5B00E92A8A /* BaseTableViewController.m in Sources */ = {isa = PBXBuildFile; fileRef = 6696775E22753F5A00E92A8A /* BaseTableViewController.m */; };
		669677B622753F5B00E92A8A /* BaseViewController.m in Sources */ = {isa = PBXBuildFile; fileRef = 6696775F22753F5A00E92A8A /* BaseViewController.m */; };
		669677B822753F5B00E92A8A /* MuxerToMP4.c in Sources */ = {isa = PBXBuildFile; fileRef = 6696776722753F5A00E92A8A /* MuxerToMP4.c */; };
		669677B922753F5B00E92A8A /* Muxer.c in Sources */ = {isa = PBXBuildFile; fileRef = 6696776822753F5A00E92A8A /* Muxer.c */; };
		669677BA22753F5B00E92A8A /* NewIcon.xcassets in Resources */ = {isa = PBXBuildFile; fileRef = 6696776A22753F5A00E92A8A /* NewIcon.xcassets */; };
		669677BB22753F5B00E92A8A /* PathUnit.m in Sources */ = {isa = PBXBuildFile; fileRef = 6696776E22753F5A00E92A8A /* PathUnit.m */; };
		669677BC22753F5B00E92A8A /* URLUnit.m in Sources */ = {isa = PBXBuildFile; fileRef = 6696776F22753F5A00E92A8A /* URLUnit.m */; };
		669677BD22753F5B00E92A8A /* URLModel.m in Sources */ = {isa = PBXBuildFile; fileRef = 6696777222753F5A00E92A8A /* URLModel.m */; };
		669677BE22753F5B00E92A8A /* NSUserDefaultsUnit.m in Sources */ = {isa = PBXBuildFile; fileRef = 6696777322753F5A00E92A8A /* NSUserDefaultsUnit.m */; };
		669677BF22753F5B00E92A8A /* HRGBaseModel.m in Sources */ = {isa = PBXBuildFile; fileRef = 6696777522753F5A00E92A8A /* HRGBaseModel.m */; };
		669677C022753F5B00E92A8A /* libEasyRTSPClient.a in Frameworks */ = {isa = PBXBuildFile; fileRef = 6696777A22753F5A00E92A8A /* libEasyRTSPClient.a */; };
		669677C122753F5B00E92A8A /* RecordListCell.m in Sources */ = {isa = PBXBuildFile; fileRef = 6696777C22753F5A00E92A8A /* RecordListCell.m */; };
		669677C222753F5B00E92A8A /* ScreenShotListCell.m in Sources */ = {isa = PBXBuildFile; fileRef = 6696777D22753F5A00E92A8A /* ScreenShotListCell.m */; };
		669677C322753F5B00E92A8A /* VideoCell.m in Sources */ = {isa = PBXBuildFile; fileRef = 6696777E22753F5A00E92A8A /* VideoCell.m */; };
		669677C422753F5B00E92A8A /* LaunchScreen.storyboard in Resources */ = {isa = PBXBuildFile; fileRef = 6696777F22753F5A00E92A8A /* LaunchScreen.storyboard */; };
		669677C522753F5B00E92A8A /* Main.storyboard in Resources */ = {isa = PBXBuildFile; fileRef = 6696778122753F5A00E92A8A /* Main.storyboard */; };
		669677C622753F5B00E92A8A /* VideoPanel.mm in Sources */ = {isa = PBXBuildFile; fileRef = 6696778522753F5A00E92A8A /* VideoPanel.mm */; };
		669677C722753F5B00E92A8A /* main.m in Sources */ = {isa = PBXBuildFile; fileRef = 6696778A22753F5A00E92A8A /* main.m */; };
		669677C822753F5B00E92A8A /* AppDelegate.m in Sources */ = {isa = PBXBuildFile; fileRef = 6696778B22753F5A00E92A8A /* AppDelegate.m */; };
		669677CA22753F5B00E92A8A /* g711.c in Sources */ = {isa = PBXBuildFile; fileRef = 6696779022753F5A00E92A8A /* g711.c */; };
		669677CB22753F5B00E92A8A /* AACDecoder.c in Sources */ = {isa = PBXBuildFile; fileRef = 6696779122753F5A00E92A8A /* AACDecoder.c */; };
		669677CC22753F5B00E92A8A /* EasyAudioDecoder.c in Sources */ = {isa = PBXBuildFile; fileRef = 6696779222753F5A00E92A8A /* EasyAudioDecoder.c */; };
		669677CD22753F5B00E92A8A /* KxMovieGLView.m in Sources */ = {isa = PBXBuildFile; fileRef = 6696779722753F5B00E92A8A /* KxMovieGLView.m */; };
		669677CE22753F5B00E92A8A /* KxMovieDecoder.m in Sources */ = {isa = PBXBuildFile; fileRef = 6696779922753F5B00E92A8A /* KxMovieDecoder.m */; };
		669677CF22753F5B00E92A8A /* PlayerDataReader.mm in Sources */ = {isa = PBXBuildFile; fileRef = 6696779B22753F5B00E92A8A /* PlayerDataReader.mm */; };
		669677D022753F5B00E92A8A /* Assets.xcassets in Resources */ = {isa = PBXBuildFile; fileRef = 6696779D22753F5B00E92A8A /* Assets.xcassets */; };
		669677D122753F5B00E92A8A /* UIColor+HexColor.m in Sources */ = {isa = PBXBuildFile; fileRef = 669677A022753F5B00E92A8A /* UIColor+HexColor.m */; };
		669677D222753F5B00E92A8A /* VideoView.m in Sources */ = {isa = PBXBuildFile; fileRef = 669677A122753F5B00E92A8A /* VideoView.m */; };
		669677D322753F5B00E92A8A /* AudioManager.mm in Sources */ = {isa = PBXBuildFile; fileRef = 669677A222753F5B00E92A8A /* AudioManager.mm */; };
		669677D422753F5B00E92A8A /* HWVideoDecoder.m in Sources */ = {isa = PBXBuildFile; fileRef = 669677A622753F5B00E92A8A /* HWVideoDecoder.m */; };
		669677D522753F5B00E92A8A /* VideoDecode.c in Sources */ = {isa = PBXBuildFile; fileRef = 669677A922753F5B00E92A8A /* VideoDecode.c */; };
		E1A6BCAF1FBAC7690000213E /* libstdc++.tbd in Frameworks */ = {isa = PBXBuildFile; fileRef = E1A6BCAE1FBAC7690000213E /* libstdc++.tbd */; };
		E1A6BCB11FBAC7710000213E /* libiconv.tbd in Frameworks */ = {isa = PBXBuildFile; fileRef = E1A6BCB01FBAC7710000213E /* libiconv.tbd */; };
		E1A6BCB31FBAC7760000213E /* libz.tbd in Frameworks */ = {isa = PBXBuildFile; fileRef = E1A6BCB21FBAC7760000213E /* libz.tbd */; };
		E1A6BCB51FBAC77C0000213E /* libbz2.tbd in Frameworks */ = {isa = PBXBuildFile; fileRef = E1A6BCB41FBAC77C0000213E /* libbz2.tbd */; };
		FF52F4CA116520D03C44AEC8 /* Pods_EasyPlayerRTSP.framework in Frameworks */ = {isa = PBXBuildFile; fileRef = 8BB8A4E103221CB3A011DF9F /* Pods_EasyPlayerRTSP.framework */; };
/* End PBXBuildFile section */

/* Begin PBXFileReference section */
		02E19BEBCD451349B8CB5207 /* Pods-EasyPlayerRTSP.debug.xcconfig */ = {isa = PBXFileReference; includeInIndex = 1; lastKnownFileType = text.xcconfig; name = "Pods-EasyPlayerRTSP.debug.xcconfig"; path = "Pods/Target Support Files/Pods-EasyPlayerRTSP/Pods-EasyPlayerRTSP.debug.xcconfig"; sourceTree = "<group>"; };
		368B0B5C1FCBFF8D00172BDB /* CoreVideo.framework */ = {isa = PBXFileReference; lastKnownFileType = wrapper.framework; name = CoreVideo.framework; path = System/Library/Frameworks/CoreVideo.framework; sourceTree = SDKROOT; };
		368B0B5D1FCBFF8D00172BDB /* VideoToolbox.framework */ = {isa = PBXFileReference; lastKnownFileType = wrapper.framework; name = VideoToolbox.framework; path = System/Library/Frameworks/VideoToolbox.framework; sourceTree = SDKROOT; };
		368B0B5F1FCBFFB000172BDB /* CoreMedia.framework */ = {isa = PBXFileReference; lastKnownFileType = wrapper.framework; name = CoreMedia.framework; path = System/Library/Frameworks/CoreMedia.framework; sourceTree = SDKROOT; };
		664FAC0C206396D800A2C767 /* version.h */ = {isa = PBXFileReference; fileEncoding = 4; lastKnownFileType = sourcecode.c.h; path = version.h; sourceTree = "<group>"; };
		664FAC0D206396D800A2C767 /* buffersrc.h */ = {isa = PBXFileReference; fileEncoding = 4; lastKnownFileType = sourcecode.c.h; path = buffersrc.h; sourceTree = "<group>"; };
		664FAC0E206396D800A2C767 /* buffersink.h */ = {isa = PBXFileReference; fileEncoding = 4; lastKnownFileType = sourcecode.c.h; path = buffersink.h; sourceTree = "<group>"; };
		664FAC0F206396D800A2C767 /* avfilter.h */ = {isa = PBXFileReference; fileEncoding = 4; lastKnownFileType = sourcecode.c.h; path = avfilter.h; sourceTree = "<group>"; };
		664FAC10206396D800A2C767 /* avfiltergraph.h */ = {isa = PBXFileReference; fileEncoding = 4; lastKnownFileType = sourcecode.c.h; path = avfiltergraph.h; sourceTree = "<group>"; };
		664FAC12206396D800A2C767 /* hwcontext.h */ = {isa = PBXFileReference; fileEncoding = 4; lastKnownFileType = sourcecode.c.h; path = hwcontext.h; sourceTree = "<group>"; };
		664FAC13206396D800A2C767 /* time.h */ = {isa = PBXFileReference; fileEncoding = 4; lastKnownFileType = sourcecode.c.h; path = time.h; sourceTree = "<group>"; };
		664FAC14206396D800A2C767 /* hwcontext_cuda.h */ = {isa = PBXFileReference; fileEncoding = 4; lastKnownFileType = sourcecode.c.h; path = hwcontext_cuda.h; sourceTree = "<group>"; };
		664FAC15206396D800A2C767 /* intfloat.h */ = {isa = PBXFileReference; fileEncoding = 4; lastKnownFileType = sourcecode.c.h; path = intfloat.h; sourceTree = "<group>"; };
		664FAC16206396D800A2C767 /* error.h */ = {isa = PBXFileReference; fileEncoding = 4; lastKnownFileType = sourcecode.c.h; path = error.h; sourceTree = "<group>"; };
		664FAC17206396D800A2C767 /* fifo.h */ = {isa = PBXFileReference; fileEncoding = 4; lastKnownFileType = sourcecode.c.h; path = fifo.h; sourceTree = "<group>"; };
		664FAC18206396D800A2C767 /* blowfish.h */ = {isa = PBXFileReference; fileEncoding = 4; lastKnownFileType = sourcecode.c.h; path = blowfish.h; sourceTree = "<group>"; };
		664FAC19206396D800A2C767 /* replaygain.h */ = {isa = PBXFileReference; fileEncoding = 4; lastKnownFileType = sourcecode.c.h; path = replaygain.h; sourceTree = "<group>"; };
		664FAC1A206396D800A2C767 /* version.h */ = {isa = PBXFileReference; fileEncoding = 4; lastKnownFileType = sourcecode.c.h; path = version.h; sourceTree = "<group>"; };
		664FAC1B206396D800A2C767 /* murmur3.h */ = {isa = PBXFileReference; fileEncoding = 4; lastKnownFileType = sourcecode.c.h; path = murmur3.h; sourceTree = "<group>"; };
		664FAC1C206396D800A2C767 /* stereo3d.h */ = {isa = PBXFileReference; fileEncoding = 4; lastKnownFileType = sourcecode.c.h; path = stereo3d.h; sourceTree = "<group>"; };
		664FAC1D206396D800A2C767 /* samplefmt.h */ = {isa = PBXFileReference; fileEncoding = 4; lastKnownFileType = sourcecode.c.h; path = samplefmt.h; sourceTree = "<group>"; };
		664FAC1E206396D800A2C767 /* pixdesc.h */ = {isa = PBXFileReference; fileEncoding = 4; lastKnownFileType = sourcecode.c.h; path = pixdesc.h; sourceTree = "<group>"; };
		664FAC1F206396D800A2C767 /* base64.h */ = {isa = PBXFileReference; fileEncoding = 4; lastKnownFileType = sourcecode.c.h; path = base64.h; sourceTree = "<group>"; };
		664FAC20206396D800A2C767 /* rational.h */ = {isa = PBXFileReference; fileEncoding = 4; lastKnownFileType = sourcecode.c.h; path = rational.h; sourceTree = "<group>"; };
		664FAC21206396D800A2C767 /* sha.h */ = {isa = PBXFileReference; fileEncoding = 4; lastKnownFileType = sourcecode.c.h; path = sha.h; sourceTree = "<group>"; };
		664FAC22206396D800A2C767 /* motion_vector.h */ = {isa = PBXFileReference; fileEncoding = 4; lastKnownFileType = sourcecode.c.h; path = motion_vector.h; sourceTree = "<group>"; };
		664FAC23206396D800A2C767 /* avconfig.h */ = {isa = PBXFileReference; fileEncoding = 4; lastKnownFileType = sourcecode.c.h; path = avconfig.h; sourceTree = "<group>"; };
		664FAC24206396D800A2C767 /* lfg.h */ = {isa = PBXFileReference; fileEncoding = 4; lastKnownFileType = sourcecode.c.h; path = lfg.h; sourceTree = "<group>"; };
		664FAC25206396D800A2C767 /* avutil.h */ = {isa = PBXFileReference; fileEncoding = 4; lastKnownFileType = sourcecode.c.h; path = avutil.h; sourceTree = "<group>"; };
		664FAC26206396D800A2C767 /* xtea.h */ = {isa = PBXFileReference; fileEncoding = 4; lastKnownFileType = sourcecode.c.h; path = xtea.h; sourceTree = "<group>"; };
		664FAC27206396D800A2C767 /* crc.h */ = {isa = PBXFileReference; fileEncoding = 4; lastKnownFileType = sourcecode.c.h; path = crc.h; sourceTree = "<group>"; };
		664FAC28206396D800A2C767 /* hwcontext_vdpau.h */ = {isa = PBXFileReference; fileEncoding = 4; lastKnownFileType = sourcecode.c.h; path = hwcontext_vdpau.h; sourceTree = "<group>"; };
		664FAC29206396D800A2C767 /* frame.h */ = {isa = PBXFileReference; fileEncoding = 4; lastKnownFileType = sourcecode.c.h; path = frame.h; sourceTree = "<group>"; };
		664FAC2A206396D800A2C767 /* file.h */ = {isa = PBXFileReference; fileEncoding = 4; lastKnownFileType = sourcecode.c.h; path = file.h; sourceTree = "<group>"; };
		664FAC2B206396D800A2C767 /* md5.h */ = {isa = PBXFileReference; fileEncoding = 4; lastKnownFileType = sourcecode.c.h; path = md5.h; sourceTree = "<group>"; };
		664FAC2C206396D800A2C767 /* cast5.h */ = {isa = PBXFileReference; fileEncoding = 4; lastKnownFileType = sourcecode.c.h; path = cast5.h; sourceTree = "<group>"; };
		664FAC2D206396D800A2C767 /* hwcontext_vaapi.h */ = {isa = PBXFileReference; fileEncoding = 4; lastKnownFileType = sourcecode.c.h; path = hwcontext_vaapi.h; sourceTree = "<group>"; };
		664FAC2E206396D800A2C767 /* spherical.h */ = {isa = PBXFileReference; fileEncoding = 4; lastKnownFileType = sourcecode.c.h; path = spherical.h; sourceTree = "<group>"; };
		664FAC2F206396D800A2C767 /* ffversion.h */ = {isa = PBXFileReference; fileEncoding = 4; lastKnownFileType = sourcecode.c.h; path = ffversion.h; sourceTree = "<group>"; };
		664FAC30206396D800A2C767 /* audio_fifo.h */ = {isa = PBXFileReference; fileEncoding = 4; lastKnownFileType = sourcecode.c.h; path = audio_fifo.h; sourceTree = "<group>"; };
		664FAC31206396D800A2C767 /* tree.h */ = {isa = PBXFileReference; fileEncoding = 4; lastKnownFileType = sourcecode.c.h; path = tree.h; sourceTree = "<group>"; };
		664FAC32206396D800A2C767 /* threadmessage.h */ = {isa = PBXFileReference; fileEncoding = 4; lastKnownFileType = sourcecode.c.h; path = threadmessage.h; sourceTree = "<group>"; };
		664FAC33206396D800A2C767 /* attributes.h */ = {isa = PBXFileReference; fileEncoding = 4; lastKnownFileType = sourcecode.c.h; path = attributes.h; sourceTree = "<group>"; };
		664FAC34206396D800A2C767 /* adler32.h */ = {isa = PBXFileReference; fileEncoding = 4; lastKnownFileType = sourcecode.c.h; path = adler32.h; sourceTree = "<group>"; };
		664FAC35206396D800A2C767 /* hwcontext_d3d11va.h */ = {isa = PBXFileReference; fileEncoding = 4; lastKnownFileType = sourcecode.c.h; path = hwcontext_d3d11va.h; sourceTree = "<group>"; };
		664FAC36206396D800A2C767 /* timecode.h */ = {isa = PBXFileReference; fileEncoding = 4; lastKnownFileType = sourcecode.c.h; path = timecode.h; sourceTree = "<group>"; };
		664FAC37206396D800A2C767 /* sha512.h */ = {isa = PBXFileReference; fileEncoding = 4; lastKnownFileType = sourcecode.c.h; path = sha512.h; sourceTree = "<group>"; };
		664FAC38206396D800A2C767 /* hwcontext_dxva2.h */ = {isa = PBXFileReference; fileEncoding = 4; lastKnownFileType = sourcecode.c.h; path = hwcontext_dxva2.h; sourceTree = "<group>"; };
		664FAC39206396D800A2C767 /* display.h */ = {isa = PBXFileReference; fileEncoding = 4; lastKnownFileType = sourcecode.c.h; path = display.h; sourceTree = "<group>"; };
		664FAC3A206396D800A2C767 /* buffer.h */ = {isa = PBXFileReference; fileEncoding = 4; lastKnownFileType = sourcecode.c.h; path = buffer.h; sourceTree = "<group>"; };
		664FAC3B206396D800A2C767 /* camellia.h */ = {isa = PBXFileReference; fileEncoding = 4; lastKnownFileType = sourcecode.c.h; path = camellia.h; sourceTree = "<group>"; };
		664FAC3C206396D800A2C767 /* pixelutils.h */ = {isa = PBXFileReference; fileEncoding = 4; lastKnownFileType = sourcecode.c.h; path = pixelutils.h; sourceTree = "<group>"; };
		664FAC3D206396D800A2C767 /* hwcontext_drm.h */ = {isa = PBXFileReference; fileEncoding = 4; lastKnownFileType = sourcecode.c.h; path = hwcontext_drm.h; sourceTree = "<group>"; };
		664FAC3E206396D800A2C767 /* common.h */ = {isa = PBXFileReference; fileEncoding = 4; lastKnownFileType = sourcecode.c.h; path = common.h; sourceTree = "<group>"; };
		664FAC3F206396D800A2C767 /* hmac.h */ = {isa = PBXFileReference; fileEncoding = 4; lastKnownFileType = sourcecode.c.h; path = hmac.h; sourceTree = "<group>"; };
		664FAC40206396D800A2C767 /* eval.h */ = {isa = PBXFileReference; fileEncoding = 4; lastKnownFileType = sourcecode.c.h; path = eval.h; sourceTree = "<group>"; };
		664FAC41206396D800A2C767 /* dict.h */ = {isa = PBXFileReference; fileEncoding = 4; lastKnownFileType = sourcecode.c.h; path = dict.h; sourceTree = "<group>"; };
		664FAC42206396D800A2C767 /* random_seed.h */ = {isa = PBXFileReference; fileEncoding = 4; lastKnownFileType = sourcecode.c.h; path = random_seed.h; sourceTree = "<group>"; };
		664FAC43206396D800A2C767 /* opt.h */ = {isa = PBXFileReference; fileEncoding = 4; lastKnownFileType = sourcecode.c.h; path = opt.h; sourceTree = "<group>"; };
		664FAC44206396D800A2C767 /* mastering_display_metadata.h */ = {isa = PBXFileReference; fileEncoding = 4; lastKnownFileType = sourcecode.c.h; path = mastering_display_metadata.h; sourceTree = "<group>"; };
		664FAC45206396D800A2C767 /* log.h */ = {isa = PBXFileReference; fileEncoding = 4; lastKnownFileType = sourcecode.c.h; path = log.h; sourceTree = "<group>"; };
		664FAC46206396D800A2C767 /* aes.h */ = {isa = PBXFileReference; fileEncoding = 4; lastKnownFileType = sourcecode.c.h; path = aes.h; sourceTree = "<group>"; };
		664FAC47206396D800A2C767 /* macros.h */ = {isa = PBXFileReference; fileEncoding = 4; lastKnownFileType = sourcecode.c.h; path = macros.h; sourceTree = "<group>"; };
		664FAC48206396D800A2C767 /* bswap.h */ = {isa = PBXFileReference; fileEncoding = 4; lastKnownFileType = sourcecode.c.h; path = bswap.h; sourceTree = "<group>"; };
		664FAC49206396D800A2C767 /* rc4.h */ = {isa = PBXFileReference; fileEncoding = 4; lastKnownFileType = sourcecode.c.h; path = rc4.h; sourceTree = "<group>"; };
		664FAC4A206396D800A2C767 /* tea.h */ = {isa = PBXFileReference; fileEncoding = 4; lastKnownFileType = sourcecode.c.h; path = tea.h; sourceTree = "<group>"; };
		664FAC4B206396D800A2C767 /* cpu.h */ = {isa = PBXFileReference; fileEncoding = 4; lastKnownFileType = sourcecode.c.h; path = cpu.h; sourceTree = "<group>"; };
		664FAC4C206396D800A2C767 /* lzo.h */ = {isa = PBXFileReference; fileEncoding = 4; lastKnownFileType = sourcecode.c.h; path = lzo.h; sourceTree = "<group>"; };
		664FAC4D206396D800A2C767 /* des.h */ = {isa = PBXFileReference; fileEncoding = 4; lastKnownFileType = sourcecode.c.h; path = des.h; sourceTree = "<group>"; };
		664FAC4E206396D800A2C767 /* channel_layout.h */ = {isa = PBXFileReference; fileEncoding = 4; lastKnownFileType = sourcecode.c.h; path = channel_layout.h; sourceTree = "<group>"; };
		664FAC4F206396D800A2C767 /* twofish.h */ = {isa = PBXFileReference; fileEncoding = 4; lastKnownFileType = sourcecode.c.h; path = twofish.h; sourceTree = "<group>"; };
		664FAC50206396D800A2C767 /* imgutils.h */ = {isa = PBXFileReference; fileEncoding = 4; lastKnownFileType = sourcecode.c.h; path = imgutils.h; sourceTree = "<group>"; };
		664FAC51206396D800A2C767 /* hwcontext_videotoolbox.h */ = {isa = PBXFileReference; fileEncoding = 4; lastKnownFileType = sourcecode.c.h; path = hwcontext_videotoolbox.h; sourceTree = "<group>"; };
		664FAC52206396D800A2C767 /* mem.h */ = {isa = PBXFileReference; fileEncoding = 4; lastKnownFileType = sourcecode.c.h; path = mem.h; sourceTree = "<group>"; };
		664FAC53206396D800A2C767 /* parseutils.h */ = {isa = PBXFileReference; fileEncoding = 4; lastKnownFileType = sourcecode.c.h; path = parseutils.h; sourceTree = "<group>"; };
		664FAC54206396D800A2C767 /* ripemd.h */ = {isa = PBXFileReference; fileEncoding = 4; lastKnownFileType = sourcecode.c.h; path = ripemd.h; sourceTree = "<group>"; };
		664FAC55206396D800A2C767 /* bprint.h */ = {isa = PBXFileReference; fileEncoding = 4; lastKnownFileType = sourcecode.c.h; path = bprint.h; sourceTree = "<group>"; };
		664FAC56206396D800A2C767 /* hwcontext_qsv.h */ = {isa = PBXFileReference; fileEncoding = 4; lastKnownFileType = sourcecode.c.h; path = hwcontext_qsv.h; sourceTree = "<group>"; };
		664FAC57206396D800A2C767 /* pixfmt.h */ = {isa = PBXFileReference; fileEncoding = 4; lastKnownFileType = sourcecode.c.h; path = pixfmt.h; sourceTree = "<group>"; };
		664FAC58206396D800A2C767 /* aes_ctr.h */ = {isa = PBXFileReference; fileEncoding = 4; lastKnownFileType = sourcecode.c.h; path = aes_ctr.h; sourceTree = "<group>"; };
		664FAC59206396D800A2C767 /* timestamp.h */ = {isa = PBXFileReference; fileEncoding = 4; lastKnownFileType = sourcecode.c.h; path = timestamp.h; sourceTree = "<group>"; };
		664FAC5A206396D800A2C767 /* downmix_info.h */ = {isa = PBXFileReference; fileEncoding = 4; lastKnownFileType = sourcecode.c.h; path = downmix_info.h; sourceTree = "<group>"; };
		664FAC5B206396D800A2C767 /* avassert.h */ = {isa = PBXFileReference; fileEncoding = 4; lastKnownFileType = sourcecode.c.h; path = avassert.h; sourceTree = "<group>"; };
		664FAC5C206396D800A2C767 /* hash.h */ = {isa = PBXFileReference; fileEncoding = 4; lastKnownFileType = sourcecode.c.h; path = hash.h; sourceTree = "<group>"; };
		664FAC5D206396D800A2C767 /* mathematics.h */ = {isa = PBXFileReference; fileEncoding = 4; lastKnownFileType = sourcecode.c.h; path = mathematics.h; sourceTree = "<group>"; };
		664FAC5E206396D800A2C767 /* intreadwrite.h */ = {isa = PBXFileReference; fileEncoding = 4; lastKnownFileType = sourcecode.c.h; path = intreadwrite.h; sourceTree = "<group>"; };
		664FAC5F206396D800A2C767 /* avstring.h */ = {isa = PBXFileReference; fileEncoding = 4; lastKnownFileType = sourcecode.c.h; path = avstring.h; sourceTree = "<group>"; };
		664FAC61206396D800A2C767 /* version.h */ = {isa = PBXFileReference; fileEncoding = 4; lastKnownFileType = sourcecode.c.h; path = version.h; sourceTree = "<group>"; };
		664FAC62206396D800A2C767 /* avdevice.h */ = {isa = PBXFileReference; fileEncoding = 4; lastKnownFileType = sourcecode.c.h; path = avdevice.h; sourceTree = "<group>"; };
		664FAC64206396D800A2C767 /* version.h */ = {isa = PBXFileReference; fileEncoding = 4; lastKnownFileType = sourcecode.c.h; path = version.h; sourceTree = "<group>"; };
		664FAC65206396D800A2C767 /* avio.h */ = {isa = PBXFileReference; fileEncoding = 4; lastKnownFileType = sourcecode.c.h; path = avio.h; sourceTree = "<group>"; };
		664FAC66206396D800A2C767 /* avformat.h */ = {isa = PBXFileReference; fileEncoding = 4; lastKnownFileType = sourcecode.c.h; path = avformat.h; sourceTree = "<group>"; };
		664FAC68206396D800A2C767 /* version.h */ = {isa = PBXFileReference; fileEncoding = 4; lastKnownFileType = sourcecode.c.h; path = version.h; sourceTree = "<group>"; };
		664FAC69206396D800A2C767 /* swscale.h */ = {isa = PBXFileReference; fileEncoding = 4; lastKnownFileType = sourcecode.c.h; path = swscale.h; sourceTree = "<group>"; };
		664FAC6B206396D800A2C767 /* avcodec.h */ = {isa = PBXFileReference; fileEncoding = 4; lastKnownFileType = sourcecode.c.h; path = avcodec.h; sourceTree = "<group>"; };
		664FAC6C206396D800A2C767 /* version.h */ = {isa = PBXFileReference; fileEncoding = 4; lastKnownFileType = sourcecode.c.h; path = version.h; sourceTree = "<group>"; };
		664FAC6D206396D800A2C767 /* vdpau.h */ = {isa = PBXFileReference; fileEncoding = 4; lastKnownFileType = sourcecode.c.h; path = vdpau.h; sourceTree = "<group>"; };
		664FAC6E206396D800A2C767 /* qsv.h */ = {isa = PBXFileReference; fileEncoding = 4; lastKnownFileType = sourcecode.c.h; path = qsv.h; sourceTree = "<group>"; };
		664FAC6F206396D800A2C767 /* vaapi.h */ = {isa = PBXFileReference; fileEncoding = 4; lastKnownFileType = sourcecode.c.h; path = vaapi.h; sourceTree = "<group>"; };
		664FAC70206396D800A2C767 /* videotoolbox.h */ = {isa = PBXFileReference; fileEncoding = 4; lastKnownFileType = sourcecode.c.h; path = videotoolbox.h; sourceTree = "<group>"; };
		664FAC71206396D800A2C767 /* xvmc.h */ = {isa = PBXFileReference; fileEncoding = 4; lastKnownFileType = sourcecode.c.h; path = xvmc.h; sourceTree = "<group>"; };
		664FAC72206396D800A2C767 /* mediacodec.h */ = {isa = PBXFileReference; fileEncoding = 4; lastKnownFileType = sourcecode.c.h; path = mediacodec.h; sourceTree = "<group>"; };
		664FAC73206396D800A2C767 /* d3d11va.h */ = {isa = PBXFileReference; fileEncoding = 4; lastKnownFileType = sourcecode.c.h; path = d3d11va.h; sourceTree = "<group>"; };
		664FAC74206396D800A2C767 /* avfft.h */ = {isa = PBXFileReference; fileEncoding = 4; lastKnownFileType = sourcecode.c.h; path = avfft.h; sourceTree = "<group>"; };
		664FAC75206396D800A2C767 /* vda.h */ = {isa = PBXFileReference; fileEncoding = 4; lastKnownFileType = sourcecode.c.h; path = vda.h; sourceTree = "<group>"; };
		664FAC76206396D800A2C767 /* jni.h */ = {isa = PBXFileReference; fileEncoding = 4; lastKnownFileType = sourcecode.c.h; path = jni.h; sourceTree = "<group>"; };
		664FAC77206396D800A2C767 /* dirac.h */ = {isa = PBXFileReference; fileEncoding = 4; lastKnownFileType = sourcecode.c.h; path = dirac.h; sourceTree = "<group>"; };
		664FAC78206396D800A2C767 /* avdct.h */ = {isa = PBXFileReference; fileEncoding = 4; lastKnownFileType = sourcecode.c.h; path = avdct.h; sourceTree = "<group>"; };
		664FAC79206396D800A2C767 /* vorbis_parser.h */ = {isa = PBXFileReference; fileEncoding = 4; lastKnownFileType = sourcecode.c.h; path = vorbis_parser.h; sourceTree = "<group>"; };
		664FAC7A206396D800A2C767 /* dxva2.h */ = {isa = PBXFileReference; fileEncoding = 4; lastKnownFileType = sourcecode.c.h; path = dxva2.h; sourceTree = "<group>"; };
		664FAC7B206396D800A2C767 /* dv_profile.h */ = {isa = PBXFileReference; fileEncoding = 4; lastKnownFileType = sourcecode.c.h; path = dv_profile.h; sourceTree = "<group>"; };
		664FAC7D206396D800A2C767 /* version.h */ = {isa = PBXFileReference; fileEncoding = 4; lastKnownFileType = sourcecode.c.h; path = version.h; sourceTree = "<group>"; };
		664FAC7E206396D800A2C767 /* swresample.h */ = {isa = PBXFileReference; fileEncoding = 4; lastKnownFileType = sourcecode.c.h; path = swresample.h; sourceTree = "<group>"; };
		664FAC80206396D800A2C767 /* libavutil.a */ = {isa = PBXFileReference; lastKnownFileType = archive.ar; path = libavutil.a; sourceTree = "<group>"; };
		664FAC81206396D800A2C767 /* libavfilter.a */ = {isa = PBXFileReference; lastKnownFileType = archive.ar; path = libavfilter.a; sourceTree = "<group>"; };
		664FAC82206396D800A2C767 /* libavcodec.a */ = {isa = PBXFileReference; lastKnownFileType = archive.ar; path = libavcodec.a; sourceTree = "<group>"; };
		664FAC83206396D800A2C767 /* libavformat.a */ = {isa = PBXFileReference; lastKnownFileType = archive.ar; path = libavformat.a; sourceTree = "<group>"; };
		664FAC84206396D800A2C767 /* libavdevice.a */ = {isa = PBXFileReference; lastKnownFileType = archive.ar; path = libavdevice.a; sourceTree = "<group>"; };
		664FAC85206396D800A2C767 /* libswresample.a */ = {isa = PBXFileReference; lastKnownFileType = archive.ar; path = libswresample.a; sourceTree = "<group>"; };
		664FAC86206396D800A2C767 /* libswscale.a */ = {isa = PBXFileReference; lastKnownFileType = archive.ar; path = libswscale.a; sourceTree = "<group>"; };
		6696774422753F5A00E92A8A /* RootViewController.m */ = {isa = PBXFileReference; fileEncoding = 4; lastKnownFileType = sourcecode.c.objc; path = RootViewController.m; sourceTree = "<group>"; };
		6696774622753F5A00E92A8A /* PlayRecordViewController.h */ = {isa = PBXFileReference; fileEncoding = 4; lastKnownFileType = sourcecode.c.h; path = PlayRecordViewController.h; sourceTree = "<group>"; };
		6696774722753F5A00E92A8A /* RecordListViewController.m */ = {isa = PBXFileReference; fileEncoding = 4; lastKnownFileType = sourcecode.c.objc; path = RecordListViewController.m; sourceTree = "<group>"; };
		6696774822753F5A00E92A8A /* RecordViewController.m */ = {isa = PBXFileReference; fileEncoding = 4; lastKnownFileType = sourcecode.c.objc; path = RecordViewController.m; sourceTree = "<group>"; };
		6696774922753F5A00E92A8A /* ScreenShotListViewController.h */ = {isa = PBXFileReference; fileEncoding = 4; lastKnownFileType = sourcecode.c.h; path = ScreenShotListViewController.h; sourceTree = "<group>"; };
		6696774A22753F5A00E92A8A /* RecordListViewController.h */ = {isa = PBXFileReference; fileEncoding = 4; lastKnownFileType = sourcecode.c.h; path = RecordListViewController.h; sourceTree = "<group>"; };
		6696774B22753F5A00E92A8A /* PlayRecordViewController.m */ = {isa = PBXFileReference; fileEncoding = 4; lastKnownFileType = sourcecode.c.objc; path = PlayRecordViewController.m; sourceTree = "<group>"; };
		6696774C22753F5A00E92A8A /* ScreenShotListViewController.m */ = {isa = PBXFileReference; fileEncoding = 4; lastKnownFileType = sourcecode.c.objc; path = ScreenShotListViewController.m; sourceTree = "<group>"; };
		6696774D22753F5A00E92A8A /* RecordViewController.h */ = {isa = PBXFileReference; fileEncoding = 4; lastKnownFileType = sourcecode.c.h; path = RecordViewController.h; sourceTree = "<group>"; };
		6696774E22753F5A00E92A8A /* EditURLViewController.m */ = {isa = PBXFileReference; fileEncoding = 4; lastKnownFileType = sourcecode.c.objc; path = EditURLViewController.m; sourceTree = "<group>"; };
		6696774F22753F5A00E92A8A /* ScanViewController.m */ = {isa = PBXFileReference; fileEncoding = 4; lastKnownFileType = sourcecode.c.objc; path = ScanViewController.m; sourceTree = "<group>"; };
		6696775022753F5A00E92A8A /* EditURLViewController.h */ = {isa = PBXFileReference; fileEncoding = 4; lastKnownFileType = sourcecode.c.h; path = EditURLViewController.h; sourceTree = "<group>"; };
		6696775122753F5A00E92A8A /* RootViewController.h */ = {isa = PBXFileReference; fileEncoding = 4; lastKnownFileType = sourcecode.c.h; path = RootViewController.h; sourceTree = "<group>"; };
		6696775222753F5A00E92A8A /* ScanViewController.h */ = {isa = PBXFileReference; fileEncoding = 4; lastKnownFileType = sourcecode.c.h; path = ScanViewController.h; sourceTree = "<group>"; };
		6696775422753F5A00E92A8A /* AboutViewController.m */ = {isa = PBXFileReference; fileEncoding = 4; lastKnownFileType = sourcecode.c.objc; path = AboutViewController.m; sourceTree = "<group>"; };
		6696775522753F5A00E92A8A /* SettingViewController.h */ = {isa = PBXFileReference; fileEncoding = 4; lastKnownFileType = sourcecode.c.h; path = SettingViewController.h; sourceTree = "<group>"; };
		6696775622753F5A00E92A8A /* AboutViewController.h */ = {isa = PBXFileReference; fileEncoding = 4; lastKnownFileType = sourcecode.c.h; path = AboutViewController.h; sourceTree = "<group>"; };
		6696775722753F5A00E92A8A /* SettingViewController.m */ = {isa = PBXFileReference; fileEncoding = 4; lastKnownFileType = sourcecode.c.objc; path = SettingViewController.m; sourceTree = "<group>"; };
		6696775922753F5A00E92A8A /* SplitScreenViewController.m */ = {isa = PBXFileReference; fileEncoding = 4; lastKnownFileType = sourcecode.c.objc; path = SplitScreenViewController.m; sourceTree = "<group>"; };
		6696775A22753F5A00E92A8A /* VideoPlayerController.m */ = {isa = PBXFileReference; fileEncoding = 4; lastKnownFileType = sourcecode.c.objc; path = VideoPlayerController.m; sourceTree = "<group>"; };
		6696775B22753F5A00E92A8A /* VideoPlayerController.h */ = {isa = PBXFileReference; fileEncoding = 4; lastKnownFileType = sourcecode.c.h; path = VideoPlayerController.h; sourceTree = "<group>"; };
		6696775C22753F5A00E92A8A /* SplitScreenViewController.h */ = {isa = PBXFileReference; fileEncoding = 4; lastKnownFileType = sourcecode.c.h; path = SplitScreenViewController.h; sourceTree = "<group>"; };
		6696775E22753F5A00E92A8A /* BaseTableViewController.m */ = {isa = PBXFileReference; fileEncoding = 4; lastKnownFileType = sourcecode.c.objc; path = BaseTableViewController.m; sourceTree = "<group>"; };
		6696775F22753F5A00E92A8A /* BaseViewController.m */ = {isa = PBXFileReference; fileEncoding = 4; lastKnownFileType = sourcecode.c.objc; path = BaseViewController.m; sourceTree = "<group>"; };
		6696776022753F5A00E92A8A /* BaseTableViewController.h */ = {isa = PBXFileReference; fileEncoding = 4; lastKnownFileType = sourcecode.c.h; path = BaseTableViewController.h; sourceTree = "<group>"; };
		6696776122753F5A00E92A8A /* BaseViewController.h */ = {isa = PBXFileReference; fileEncoding = 4; lastKnownFileType = sourcecode.c.h; path = BaseViewController.h; sourceTree = "<group>"; };
		6696776622753F5A00E92A8A /* Muxer.h */ = {isa = PBXFileReference; fileEncoding = 4; lastKnownFileType = sourcecode.c.h; path = Muxer.h; sourceTree = "<group>"; };
		6696776722753F5A00E92A8A /* MuxerToMP4.c */ = {isa = PBXFileReference; fileEncoding = 4; lastKnownFileType = sourcecode.c.c; path = MuxerToMP4.c; sourceTree = "<group>"; };
		6696776822753F5A00E92A8A /* Muxer.c */ = {isa = PBXFileReference; fileEncoding = 4; lastKnownFileType = sourcecode.c.c; path = Muxer.c; sourceTree = "<group>"; };
		6696776922753F5A00E92A8A /* MuxerToMP4.h */ = {isa = PBXFileReference; fileEncoding = 4; lastKnownFileType = sourcecode.c.h; path = MuxerToMP4.h; sourceTree = "<group>"; };
		6696776A22753F5A00E92A8A /* NewIcon.xcassets */ = {isa = PBXFileReference; lastKnownFileType = folder.assetcatalog; path = NewIcon.xcassets; sourceTree = "<group>"; };
		6696776C22753F5A00E92A8A /* NSUserDefaultsUnit.h */ = {isa = PBXFileReference; fileEncoding = 4; lastKnownFileType = sourcecode.c.h; path = NSUserDefaultsUnit.h; sourceTree = "<group>"; };
		6696776D22753F5A00E92A8A /* URLModel.h */ = {isa = PBXFileReference; fileEncoding = 4; lastKnownFileType = sourcecode.c.h; path = URLModel.h; sourceTree = "<group>"; };
		6696776E22753F5A00E92A8A /* PathUnit.m */ = {isa = PBXFileReference; fileEncoding = 4; lastKnownFileType = sourcecode.c.objc; path = PathUnit.m; sourceTree = "<group>"; };
		6696776F22753F5A00E92A8A /* URLUnit.m */ = {isa = PBXFileReference; fileEncoding = 4; lastKnownFileType = sourcecode.c.objc; path = URLUnit.m; sourceTree = "<group>"; };
		6696777022753F5A00E92A8A /* HRGBaseModel.h */ = {isa = PBXFileReference; fileEncoding = 4; lastKnownFileType = sourcecode.c.h; path = HRGBaseModel.h; sourceTree = "<group>"; };
		6696777122753F5A00E92A8A /* PathUnit.h */ = {isa = PBXFileReference; fileEncoding = 4; lastKnownFileType = sourcecode.c.h; path = PathUnit.h; sourceTree = "<group>"; };
		6696777222753F5A00E92A8A /* URLModel.m */ = {isa = PBXFileReference; fileEncoding = 4; lastKnownFileType = sourcecode.c.objc; path = URLModel.m; sourceTree = "<group>"; };
		6696777322753F5A00E92A8A /* NSUserDefaultsUnit.m */ = {isa = PBXFileReference; fileEncoding = 4; lastKnownFileType = sourcecode.c.objc; path = NSUserDefaultsUnit.m; sourceTree = "<group>"; };
		6696777422753F5A00E92A8A /* URLUnit.h */ = {isa = PBXFileReference; fileEncoding = 4; lastKnownFileType = sourcecode.c.h; path = URLUnit.h; sourceTree = "<group>"; };
		6696777522753F5A00E92A8A /* HRGBaseModel.m */ = {isa = PBXFileReference; fileEncoding = 4; lastKnownFileType = sourcecode.c.objc; path = HRGBaseModel.m; sourceTree = "<group>"; };
		6696777822753F5A00E92A8A /* EasyTypes.h */ = {isa = PBXFileReference; fileEncoding = 4; lastKnownFileType = sourcecode.c.h; path = EasyTypes.h; sourceTree = "<group>"; };
		6696777922753F5A00E92A8A /* EasyRTSPClientAPI.h */ = {isa = PBXFileReference; fileEncoding = 4; lastKnownFileType = sourcecode.c.h; path = EasyRTSPClientAPI.h; sourceTree = "<group>"; };
		6696777A22753F5A00E92A8A /* libEasyRTSPClient.a */ = {isa = PBXFileReference; lastKnownFileType = archive.ar; path = libEasyRTSPClient.a; sourceTree = "<group>"; };
		6696777C22753F5A00E92A8A /* RecordListCell.m */ = {isa = PBXFileReference; fileEncoding = 4; lastKnownFileType = sourcecode.c.objc; path = RecordListCell.m; sourceTree = "<group>"; };
		6696777D22753F5A00E92A8A /* ScreenShotListCell.m */ = {isa = PBXFileReference; fileEncoding = 4; lastKnownFileType = sourcecode.c.objc; path = ScreenShotListCell.m; sourceTree = "<group>"; };
		6696777E22753F5A00E92A8A /* VideoCell.m */ = {isa = PBXFileReference; fileEncoding = 4; lastKnownFileType = sourcecode.c.objc; path = VideoCell.m; sourceTree = "<group>"; };
		6696778022753F5A00E92A8A /* Base */ = {isa = PBXFileReference; lastKnownFileType = file.storyboard; name = Base; path = Base.lproj/LaunchScreen.storyboard; sourceTree = "<group>"; };
		6696778222753F5A00E92A8A /* Base */ = {isa = PBXFileReference; lastKnownFileType = file.storyboard; name = Base; path = Base.lproj/Main.storyboard; sourceTree = "<group>"; };
		6696778322753F5A00E92A8A /* ScreenShotListCell.h */ = {isa = PBXFileReference; fileEncoding = 4; lastKnownFileType = sourcecode.c.h; path = ScreenShotListCell.h; sourceTree = "<group>"; };
		6696778422753F5A00E92A8A /* RecordListCell.h */ = {isa = PBXFileReference; fileEncoding = 4; lastKnownFileType = sourcecode.c.h; path = RecordListCell.h; sourceTree = "<group>"; };
		6696778522753F5A00E92A8A /* VideoPanel.mm */ = {isa = PBXFileReference; fileEncoding = 4; lastKnownFileType = sourcecode.cpp.objcpp; path = VideoPanel.mm; sourceTree = "<group>"; };
		6696778622753F5A00E92A8A /* VideoCell.h */ = {isa = PBXFileReference; fileEncoding = 4; lastKnownFileType = sourcecode.c.h; path = VideoCell.h; sourceTree = "<group>"; };
		6696778722753F5A00E92A8A /* VideoPanel.h */ = {isa = PBXFileReference; fileEncoding = 4; lastKnownFileType = sourcecode.c.h; path = VideoPanel.h; sourceTree = "<group>"; };
		6696778922753F5A00E92A8A /* AppDelegate.h */ = {isa = PBXFileReference; fileEncoding = 4; lastKnownFileType = sourcecode.c.h; path = AppDelegate.h; sourceTree = "<group>"; };
		6696778A22753F5A00E92A8A /* main.m */ = {isa = PBXFileReference; fileEncoding = 4; lastKnownFileType = sourcecode.c.objc; path = main.m; sourceTree = "<group>"; };
		6696778B22753F5A00E92A8A /* AppDelegate.m */ = {isa = PBXFileReference; fileEncoding = 4; lastKnownFileType = sourcecode.c.objc; path = AppDelegate.m; sourceTree = "<group>"; };
		6696778C22753F5A00E92A8A /* PrefixHeader.pch */ = {isa = PBXFileReference; fileEncoding = 4; lastKnownFileType = sourcecode.c.h; path = PrefixHeader.pch; sourceTree = "<group>"; };
		6696778D22753F5A00E92A8A /* Info.plist */ = {isa = PBXFileReference; fileEncoding = 4; lastKnownFileType = text.plist.xml; path = Info.plist; sourceTree = "<group>"; };
		6696778F22753F5A00E92A8A /* EasyAudioDecoder.h */ = {isa = PBXFileReference; fileEncoding = 4; lastKnownFileType = sourcecode.c.h; path = EasyAudioDecoder.h; sourceTree = "<group>"; };
		6696779022753F5A00E92A8A /* g711.c */ = {isa = PBXFileReference; fileEncoding = 4; lastKnownFileType = sourcecode.c.c; path = g711.c; sourceTree = "<group>"; };
		6696779122753F5A00E92A8A /* AACDecoder.c */ = {isa = PBXFileReference; fileEncoding = 4; lastKnownFileType = sourcecode.c.c; path = AACDecoder.c; sourceTree = "<group>"; };
		6696779222753F5A00E92A8A /* EasyAudioDecoder.c */ = {isa = PBXFileReference; fileEncoding = 4; lastKnownFileType = sourcecode.c.c; path = EasyAudioDecoder.c; sourceTree = "<group>"; };
		6696779322753F5A00E92A8A /* g711.h */ = {isa = PBXFileReference; fileEncoding = 4; lastKnownFileType = sourcecode.c.h; path = g711.h; sourceTree = "<group>"; };
		6696779422753F5A00E92A8A /* AACDecoder.h */ = {isa = PBXFileReference; fileEncoding = 4; lastKnownFileType = sourcecode.c.h; path = AACDecoder.h; sourceTree = "<group>"; };
		6696779622753F5B00E92A8A /* KxMovieDecoder.h */ = {isa = PBXFileReference; fileEncoding = 4; lastKnownFileType = sourcecode.c.h; path = KxMovieDecoder.h; sourceTree = "<group>"; };
		6696779722753F5B00E92A8A /* KxMovieGLView.m */ = {isa = PBXFileReference; fileEncoding = 4; lastKnownFileType = sourcecode.c.objc; path = KxMovieGLView.m; sourceTree = "<group>"; };
		6696779822753F5B00E92A8A /* KxMovieGLView.h */ = {isa = PBXFileReference; fileEncoding = 4; lastKnownFileType = sourcecode.c.h; path = KxMovieGLView.h; sourceTree = "<group>"; };
		6696779922753F5B00E92A8A /* KxMovieDecoder.m */ = {isa = PBXFileReference; fileEncoding = 4; lastKnownFileType = sourcecode.c.objc; path = KxMovieDecoder.m; sourceTree = "<group>"; };
		6696779B22753F5B00E92A8A /* PlayerDataReader.mm */ = {isa = PBXFileReference; fileEncoding = 4; lastKnownFileType = sourcecode.cpp.objcpp; path = PlayerDataReader.mm; sourceTree = "<group>"; };
		6696779C22753F5B00E92A8A /* PlayerDataReader.h */ = {isa = PBXFileReference; fileEncoding = 4; lastKnownFileType = sourcecode.c.h; path = PlayerDataReader.h; sourceTree = "<group>"; };
		6696779D22753F5B00E92A8A /* Assets.xcassets */ = {isa = PBXFileReference; lastKnownFileType = folder.assetcatalog; path = Assets.xcassets; sourceTree = "<group>"; };
		6696779F22753F5B00E92A8A /* AudioManager.h */ = {isa = PBXFileReference; fileEncoding = 4; lastKnownFileType = sourcecode.c.h; path = AudioManager.h; sourceTree = "<group>"; };
		669677A022753F5B00E92A8A /* UIColor+HexColor.m */ = {isa = PBXFileReference; fileEncoding = 4; lastKnownFileType = sourcecode.c.objc; path = "UIColor+HexColor.m"; sourceTree = "<group>"; };
		669677A122753F5B00E92A8A /* VideoView.m */ = {isa = PBXFileReference; fileEncoding = 4; lastKnownFileType = sourcecode.c.objc; path = VideoView.m; sourceTree = "<group>"; };
		669677A222753F5B00E92A8A /* AudioManager.mm */ = {isa = PBXFileReference; fileEncoding = 4; lastKnownFileType = sourcecode.cpp.objcpp; path = AudioManager.mm; sourceTree = "<group>"; };
		669677A322753F5B00E92A8A /* VideoView.h */ = {isa = PBXFileReference; fileEncoding = 4; lastKnownFileType = sourcecode.c.h; path = VideoView.h; sourceTree = "<group>"; };
		669677A422753F5B00E92A8A /* UIColor+HexColor.h */ = {isa = PBXFileReference; fileEncoding = 4; lastKnownFileType = sourcecode.c.h; path = "UIColor+HexColor.h"; sourceTree = "<group>"; };
		669677A622753F5B00E92A8A /* HWVideoDecoder.m */ = {isa = PBXFileReference; fileEncoding = 4; lastKnownFileType = sourcecode.c.objc; path = HWVideoDecoder.m; sourceTree = "<group>"; };
		669677A722753F5B00E92A8A /* VideoDecode.h */ = {isa = PBXFileReference; fileEncoding = 4; lastKnownFileType = sourcecode.c.h; path = VideoDecode.h; sourceTree = "<group>"; };
		669677A822753F5B00E92A8A /* HWVideoDecoder.h */ = {isa = PBXFileReference; fileEncoding = 4; lastKnownFileType = sourcecode.c.h; path = HWVideoDecoder.h; sourceTree = "<group>"; };
		669677A922753F5B00E92A8A /* VideoDecode.c */ = {isa = PBXFileReference; fileEncoding = 4; lastKnownFileType = sourcecode.c.c; path = VideoDecode.c; sourceTree = "<group>"; };
		8BB8A4E103221CB3A011DF9F /* Pods_EasyPlayerRTSP.framework */ = {isa = PBXFileReference; explicitFileType = wrapper.framework; includeInIndex = 0; path = Pods_EasyPlayerRTSP.framework; sourceTree = BUILT_PRODUCTS_DIR; };
		91A61A234C659B3130EECFE7 /* Pods-EasyPlayer.debug.xcconfig */ = {isa = PBXFileReference; includeInIndex = 1; lastKnownFileType = text.xcconfig; name = "Pods-EasyPlayer.debug.xcconfig"; path = "Pods/Target Support Files/Pods-EasyPlayer/Pods-EasyPlayer.debug.xcconfig"; sourceTree = "<group>"; };
		C7C030FE36C447773FBA3A82 /* Pods-EasyPlayer.release.xcconfig */ = {isa = PBXFileReference; includeInIndex = 1; lastKnownFileType = text.xcconfig; name = "Pods-EasyPlayer.release.xcconfig"; path = "Pods/Target Support Files/Pods-EasyPlayer/Pods-EasyPlayer.release.xcconfig"; sourceTree = "<group>"; };
		E1A6BC1B1FBAC6EC0000213E /* EasyPlayerRTSP.app */ = {isa = PBXFileReference; explicitFileType = wrapper.application; includeInIndex = 0; path = EasyPlayerRTSP.app; sourceTree = BUILT_PRODUCTS_DIR; };
		E1A6BCAE1FBAC7690000213E /* libstdc++.tbd */ = {isa = PBXFileReference; lastKnownFileType = "sourcecode.text-based-dylib-definition"; name = "libstdc++.tbd"; path = "usr/lib/libstdc++.tbd"; sourceTree = SDKROOT; };
		E1A6BCB01FBAC7710000213E /* libiconv.tbd */ = {isa = PBXFileReference; lastKnownFileType = "sourcecode.text-based-dylib-definition"; name = libiconv.tbd; path = usr/lib/libiconv.tbd; sourceTree = SDKROOT; };
		E1A6BCB21FBAC7760000213E /* libz.tbd */ = {isa = PBXFileReference; lastKnownFileType = "sourcecode.text-based-dylib-definition"; name = libz.tbd; path = usr/lib/libz.tbd; sourceTree = SDKROOT; };
		E1A6BCB41FBAC77C0000213E /* libbz2.tbd */ = {isa = PBXFileReference; lastKnownFileType = "sourcecode.text-based-dylib-definition"; name = libbz2.tbd; path = usr/lib/libbz2.tbd; sourceTree = SDKROOT; };
		E8EE66CDBAC44889E7D217F6 /* Pods-EasyPlayerRTSP.release.xcconfig */ = {isa = PBXFileReference; includeInIndex = 1; lastKnownFileType = text.xcconfig; name = "Pods-EasyPlayerRTSP.release.xcconfig"; path = "Pods/Target Support Files/Pods-EasyPlayerRTSP/Pods-EasyPlayerRTSP.release.xcconfig"; sourceTree = "<group>"; };
/* End PBXFileReference section */

/* Begin PBXFrameworksBuildPhase section */
		E1A6BC181FBAC6EC0000213E /* Frameworks */ = {
			isa = PBXFrameworksBuildPhase;
			buildActionMask = 2147483647;
			files = (
				664FAC87206396D800A2C767 /* libavutil.a in Frameworks */,
				E1A6BCB51FBAC77C0000213E /* libbz2.tbd in Frameworks */,
				E1A6BCB31FBAC7760000213E /* libz.tbd in Frameworks */,
				664FAC8A206396D800A2C767 /* libavformat.a in Frameworks */,
				E1A6BCB11FBAC7710000213E /* libiconv.tbd in Frameworks */,
				E1A6BCAF1FBAC7690000213E /* libstdc++.tbd in Frameworks */,
				664FAC8D206396D800A2C767 /* libswscale.a in Frameworks */,
				368B0B601FCBFFB600172BDB /* CoreMedia.framework in Frameworks */,
				664FAC88206396D800A2C767 /* libavfilter.a in Frameworks */,
				368B0B5E1FCBFFA300172BDB /* VideoToolbox.framework in Frameworks */,
				664FAC89206396D800A2C767 /* libavcodec.a in Frameworks */,
				664FAC8B206396D800A2C767 /* libavdevice.a in Frameworks */,
				669677C022753F5B00E92A8A /* libEasyRTSPClient.a in Frameworks */,
				664FAC8C206396D800A2C767 /* libswresample.a in Frameworks */,
				FF52F4CA116520D03C44AEC8 /* Pods_EasyPlayerRTSP.framework in Frameworks */,
			);
			runOnlyForDeploymentPostprocessing = 0;
		};
/* End PBXFrameworksBuildPhase section */

/* Begin PBXGroup section */
		664FAC09206396D800A2C767 /* ffmpeg */ = {
			isa = PBXGroup;
			children = (
				664FAC0A206396D800A2C767 /* include */,
				664FAC7F206396D800A2C767 /* lib */,
			);
			path = ffmpeg;
			sourceTree = "<group>";
		};
		664FAC0A206396D800A2C767 /* include */ = {
			isa = PBXGroup;
			children = (
				664FAC0B206396D800A2C767 /* libavfilter */,
				664FAC11206396D800A2C767 /* libavutil */,
				664FAC60206396D800A2C767 /* libavdevice */,
				664FAC63206396D800A2C767 /* libavformat */,
				664FAC67206396D800A2C767 /* libswscale */,
				664FAC6A206396D800A2C767 /* libavcodec */,
				664FAC7C206396D800A2C767 /* libswresample */,
			);
			path = include;
			sourceTree = "<group>";
		};
		664FAC0B206396D800A2C767 /* libavfilter */ = {
			isa = PBXGroup;
			children = (
				664FAC0C206396D800A2C767 /* version.h */,
				664FAC0D206396D800A2C767 /* buffersrc.h */,
				664FAC0E206396D800A2C767 /* buffersink.h */,
				664FAC0F206396D800A2C767 /* avfilter.h */,
				664FAC10206396D800A2C767 /* avfiltergraph.h */,
			);
			path = libavfilter;
			sourceTree = "<group>";
		};
		664FAC11206396D800A2C767 /* libavutil */ = {
			isa = PBXGroup;
			children = (
				664FAC12206396D800A2C767 /* hwcontext.h */,
				664FAC13206396D800A2C767 /* time.h */,
				664FAC14206396D800A2C767 /* hwcontext_cuda.h */,
				664FAC15206396D800A2C767 /* intfloat.h */,
				664FAC16206396D800A2C767 /* error.h */,
				664FAC17206396D800A2C767 /* fifo.h */,
				664FAC18206396D800A2C767 /* blowfish.h */,
				664FAC19206396D800A2C767 /* replaygain.h */,
				664FAC1A206396D800A2C767 /* version.h */,
				664FAC1B206396D800A2C767 /* murmur3.h */,
				664FAC1C206396D800A2C767 /* stereo3d.h */,
				664FAC1D206396D800A2C767 /* samplefmt.h */,
				664FAC1E206396D800A2C767 /* pixdesc.h */,
				664FAC1F206396D800A2C767 /* base64.h */,
				664FAC20206396D800A2C767 /* rational.h */,
				664FAC21206396D800A2C767 /* sha.h */,
				664FAC22206396D800A2C767 /* motion_vector.h */,
				664FAC23206396D800A2C767 /* avconfig.h */,
				664FAC24206396D800A2C767 /* lfg.h */,
				664FAC25206396D800A2C767 /* avutil.h */,
				664FAC26206396D800A2C767 /* xtea.h */,
				664FAC27206396D800A2C767 /* crc.h */,
				664FAC28206396D800A2C767 /* hwcontext_vdpau.h */,
				664FAC29206396D800A2C767 /* frame.h */,
				664FAC2A206396D800A2C767 /* file.h */,
				664FAC2B206396D800A2C767 /* md5.h */,
				664FAC2C206396D800A2C767 /* cast5.h */,
				664FAC2D206396D800A2C767 /* hwcontext_vaapi.h */,
				664FAC2E206396D800A2C767 /* spherical.h */,
				664FAC2F206396D800A2C767 /* ffversion.h */,
				664FAC30206396D800A2C767 /* audio_fifo.h */,
				664FAC31206396D800A2C767 /* tree.h */,
				664FAC32206396D800A2C767 /* threadmessage.h */,
				664FAC33206396D800A2C767 /* attributes.h */,
				664FAC34206396D800A2C767 /* adler32.h */,
				664FAC35206396D800A2C767 /* hwcontext_d3d11va.h */,
				664FAC36206396D800A2C767 /* timecode.h */,
				664FAC37206396D800A2C767 /* sha512.h */,
				664FAC38206396D800A2C767 /* hwcontext_dxva2.h */,
				664FAC39206396D800A2C767 /* display.h */,
				664FAC3A206396D800A2C767 /* buffer.h */,
				664FAC3B206396D800A2C767 /* camellia.h */,
				664FAC3C206396D800A2C767 /* pixelutils.h */,
				664FAC3D206396D800A2C767 /* hwcontext_drm.h */,
				664FAC3E206396D800A2C767 /* common.h */,
				664FAC3F206396D800A2C767 /* hmac.h */,
				664FAC40206396D800A2C767 /* eval.h */,
				664FAC41206396D800A2C767 /* dict.h */,
				664FAC42206396D800A2C767 /* random_seed.h */,
				664FAC43206396D800A2C767 /* opt.h */,
				664FAC44206396D800A2C767 /* mastering_display_metadata.h */,
				664FAC45206396D800A2C767 /* log.h */,
				664FAC46206396D800A2C767 /* aes.h */,
				664FAC47206396D800A2C767 /* macros.h */,
				664FAC48206396D800A2C767 /* bswap.h */,
				664FAC49206396D800A2C767 /* rc4.h */,
				664FAC4A206396D800A2C767 /* tea.h */,
				664FAC4B206396D800A2C767 /* cpu.h */,
				664FAC4C206396D800A2C767 /* lzo.h */,
				664FAC4D206396D800A2C767 /* des.h */,
				664FAC4E206396D800A2C767 /* channel_layout.h */,
				664FAC4F206396D800A2C767 /* twofish.h */,
				664FAC50206396D800A2C767 /* imgutils.h */,
				664FAC51206396D800A2C767 /* hwcontext_videotoolbox.h */,
				664FAC52206396D800A2C767 /* mem.h */,
				664FAC53206396D800A2C767 /* parseutils.h */,
				664FAC54206396D800A2C767 /* ripemd.h */,
				664FAC55206396D800A2C767 /* bprint.h */,
				664FAC56206396D800A2C767 /* hwcontext_qsv.h */,
				664FAC57206396D800A2C767 /* pixfmt.h */,
				664FAC58206396D800A2C767 /* aes_ctr.h */,
				664FAC59206396D800A2C767 /* timestamp.h */,
				664FAC5A206396D800A2C767 /* downmix_info.h */,
				664FAC5B206396D800A2C767 /* avassert.h */,
				664FAC5C206396D800A2C767 /* hash.h */,
				664FAC5D206396D800A2C767 /* mathematics.h */,
				664FAC5E206396D800A2C767 /* intreadwrite.h */,
				664FAC5F206396D800A2C767 /* avstring.h */,
			);
			path = libavutil;
			sourceTree = "<group>";
		};
		664FAC60206396D800A2C767 /* libavdevice */ = {
			isa = PBXGroup;
			children = (
				664FAC61206396D800A2C767 /* version.h */,
				664FAC62206396D800A2C767 /* avdevice.h */,
			);
			path = libavdevice;
			sourceTree = "<group>";
		};
		664FAC63206396D800A2C767 /* libavformat */ = {
			isa = PBXGroup;
			children = (
				664FAC64206396D800A2C767 /* version.h */,
				664FAC65206396D800A2C767 /* avio.h */,
				664FAC66206396D800A2C767 /* avformat.h */,
			);
			path = libavformat;
			sourceTree = "<group>";
		};
		664FAC67206396D800A2C767 /* libswscale */ = {
			isa = PBXGroup;
			children = (
				664FAC68206396D800A2C767 /* version.h */,
				664FAC69206396D800A2C767 /* swscale.h */,
			);
			path = libswscale;
			sourceTree = "<group>";
		};
		664FAC6A206396D800A2C767 /* libavcodec */ = {
			isa = PBXGroup;
			children = (
				664FAC6B206396D800A2C767 /* avcodec.h */,
				664FAC6C206396D800A2C767 /* version.h */,
				664FAC6D206396D800A2C767 /* vdpau.h */,
				664FAC6E206396D800A2C767 /* qsv.h */,
				664FAC6F206396D800A2C767 /* vaapi.h */,
				664FAC70206396D800A2C767 /* videotoolbox.h */,
				664FAC71206396D800A2C767 /* xvmc.h */,
				664FAC72206396D800A2C767 /* mediacodec.h */,
				664FAC73206396D800A2C767 /* d3d11va.h */,
				664FAC74206396D800A2C767 /* avfft.h */,
				664FAC75206396D800A2C767 /* vda.h */,
				664FAC76206396D800A2C767 /* jni.h */,
				664FAC77206396D800A2C767 /* dirac.h */,
				664FAC78206396D800A2C767 /* avdct.h */,
				664FAC79206396D800A2C767 /* vorbis_parser.h */,
				664FAC7A206396D800A2C767 /* dxva2.h */,
				664FAC7B206396D800A2C767 /* dv_profile.h */,
			);
			path = libavcodec;
			sourceTree = "<group>";
		};
		664FAC7C206396D800A2C767 /* libswresample */ = {
			isa = PBXGroup;
			children = (
				664FAC7D206396D800A2C767 /* version.h */,
				664FAC7E206396D800A2C767 /* swresample.h */,
			);
			path = libswresample;
			sourceTree = "<group>";
		};
		664FAC7F206396D800A2C767 /* lib */ = {
			isa = PBXGroup;
			children = (
				664FAC80206396D800A2C767 /* libavutil.a */,
				664FAC81206396D800A2C767 /* libavfilter.a */,
				664FAC82206396D800A2C767 /* libavcodec.a */,
				664FAC83206396D800A2C767 /* libavformat.a */,
				664FAC84206396D800A2C767 /* libavdevice.a */,
				664FAC85206396D800A2C767 /* libswresample.a */,
				664FAC86206396D800A2C767 /* libswscale.a */,
			);
			path = lib;
			sourceTree = "<group>";
		};
		6696774322753F5A00E92A8A /* ViewController */ = {
			isa = PBXGroup;
			children = (
				6696775D22753F5A00E92A8A /* Base */,
				6696775122753F5A00E92A8A /* RootViewController.h */,
				6696774422753F5A00E92A8A /* RootViewController.m */,
				6696775022753F5A00E92A8A /* EditURLViewController.h */,
				6696774E22753F5A00E92A8A /* EditURLViewController.m */,
				6696775222753F5A00E92A8A /* ScanViewController.h */,
				6696774F22753F5A00E92A8A /* ScanViewController.m */,
				6696775822753F5A00E92A8A /* Play */,
				6696774522753F5A00E92A8A /* Record */,
				6696775322753F5A00E92A8A /* Setting */,
			);
			path = ViewController;
			sourceTree = "<group>";
		};
		6696774522753F5A00E92A8A /* Record */ = {
			isa = PBXGroup;
			children = (
				6696774D22753F5A00E92A8A /* RecordViewController.h */,
				6696774822753F5A00E92A8A /* RecordViewController.m */,
				6696774922753F5A00E92A8A /* ScreenShotListViewController.h */,
				6696774C22753F5A00E92A8A /* ScreenShotListViewController.m */,
				6696774A22753F5A00E92A8A /* RecordListViewController.h */,
				6696774722753F5A00E92A8A /* RecordListViewController.m */,
				6696774622753F5A00E92A8A /* PlayRecordViewController.h */,
				6696774B22753F5A00E92A8A /* PlayRecordViewController.m */,
			);
			path = Record;
			sourceTree = "<group>";
		};
		6696775322753F5A00E92A8A /* Setting */ = {
			isa = PBXGroup;
			children = (
				6696775622753F5A00E92A8A /* AboutViewController.h */,
				6696775422753F5A00E92A8A /* AboutViewController.m */,
				6696775522753F5A00E92A8A /* SettingViewController.h */,
				6696775722753F5A00E92A8A /* SettingViewController.m */,
			);
			path = Setting;
			sourceTree = "<group>";
		};
		6696775822753F5A00E92A8A /* Play */ = {
			isa = PBXGroup;
			children = (
				6696775B22753F5A00E92A8A /* VideoPlayerController.h */,
				6696775A22753F5A00E92A8A /* VideoPlayerController.m */,
				6696775C22753F5A00E92A8A /* SplitScreenViewController.h */,
				6696775922753F5A00E92A8A /* SplitScreenViewController.m */,
			);
			path = Play;
			sourceTree = "<group>";
		};
		6696775D22753F5A00E92A8A /* Base */ = {
			isa = PBXGroup;
			children = (
				6696776122753F5A00E92A8A /* BaseViewController.h */,
				6696775F22753F5A00E92A8A /* BaseViewController.m */,
				6696776022753F5A00E92A8A /* BaseTableViewController.h */,
				6696775E22753F5A00E92A8A /* BaseTableViewController.m */,
			);
			path = Base;
			sourceTree = "<group>";
		};
		6696776222753F5A00E92A8A /* MuxerToVideo */ = {
			isa = PBXGroup;
			children = (
				6696776622753F5A00E92A8A /* Muxer.h */,
				6696776822753F5A00E92A8A /* Muxer.c */,
				6696776922753F5A00E92A8A /* MuxerToMP4.h */,
				6696776722753F5A00E92A8A /* MuxerToMP4.c */,
			);
			path = MuxerToVideo;
			sourceTree = "<group>";
		};
		6696776B22753F5A00E92A8A /* Model */ = {
			isa = PBXGroup;
			children = (
				6696777022753F5A00E92A8A /* HRGBaseModel.h */,
				6696777522753F5A00E92A8A /* HRGBaseModel.m */,
				6696776D22753F5A00E92A8A /* URLModel.h */,
				6696777222753F5A00E92A8A /* URLModel.m */,
				6696776F22753F5A00E92A8A /* URLUnit.m */,
				6696776E22753F5A00E92A8A /* PathUnit.m */,
				6696777422753F5A00E92A8A /* URLUnit.h */,
				6696777122753F5A00E92A8A /* PathUnit.h */,
				6696776C22753F5A00E92A8A /* NSUserDefaultsUnit.h */,
				6696777322753F5A00E92A8A /* NSUserDefaultsUnit.m */,
			);
			path = Model;
			sourceTree = "<group>";
		};
		6696777622753F5A00E92A8A /* libEasyRTSPClient */ = {
			isa = PBXGroup;
			children = (
				6696777722753F5A00E92A8A /* include */,
				6696777A22753F5A00E92A8A /* libEasyRTSPClient.a */,
			);
			path = libEasyRTSPClient;
			sourceTree = "<group>";
		};
		6696777722753F5A00E92A8A /* include */ = {
			isa = PBXGroup;
			children = (
				6696777822753F5A00E92A8A /* EasyTypes.h */,
				6696777922753F5A00E92A8A /* EasyRTSPClientAPI.h */,
			);
			path = include;
			sourceTree = "<group>";
		};
		6696777B22753F5A00E92A8A /* View */ = {
			isa = PBXGroup;
			children = (
				6696777F22753F5A00E92A8A /* LaunchScreen.storyboard */,
				6696778122753F5A00E92A8A /* Main.storyboard */,
				6696778622753F5A00E92A8A /* VideoCell.h */,
				6696777E22753F5A00E92A8A /* VideoCell.m */,
				6696778422753F5A00E92A8A /* RecordListCell.h */,
				6696777C22753F5A00E92A8A /* RecordListCell.m */,
				6696778322753F5A00E92A8A /* ScreenShotListCell.h */,
				6696777D22753F5A00E92A8A /* ScreenShotListCell.m */,
				6696778722753F5A00E92A8A /* VideoPanel.h */,
				6696778522753F5A00E92A8A /* VideoPanel.mm */,
			);
			path = View;
			sourceTree = "<group>";
		};
		6696778822753F5A00E92A8A /* Main */ = {
			isa = PBXGroup;
			children = (
				6696778922753F5A00E92A8A /* AppDelegate.h */,
				6696778B22753F5A00E92A8A /* AppDelegate.m */,
				6696778A22753F5A00E92A8A /* main.m */,
				6696778C22753F5A00E92A8A /* PrefixHeader.pch */,
				6696778D22753F5A00E92A8A /* Info.plist */,
			);
			path = Main;
			sourceTree = "<group>";
		};
		6696778E22753F5A00E92A8A /* EasyAudioDecoder */ = {
			isa = PBXGroup;
			children = (
				6696778F22753F5A00E92A8A /* EasyAudioDecoder.h */,
				6696779222753F5A00E92A8A /* EasyAudioDecoder.c */,
				6696779322753F5A00E92A8A /* g711.h */,
				6696779022753F5A00E92A8A /* g711.c */,
				6696779422753F5A00E92A8A /* AACDecoder.h */,
				6696779122753F5A00E92A8A /* AACDecoder.c */,
			);
			path = EasyAudioDecoder;
			sourceTree = "<group>";
		};
		6696779522753F5B00E92A8A /* kxmovie */ = {
			isa = PBXGroup;
			children = (
				6696779822753F5B00E92A8A /* KxMovieGLView.h */,
				6696779722753F5B00E92A8A /* KxMovieGLView.m */,
				6696779622753F5B00E92A8A /* KxMovieDecoder.h */,
				6696779922753F5B00E92A8A /* KxMovieDecoder.m */,
			);
			path = kxmovie;
			sourceTree = "<group>";
		};
		6696779A22753F5B00E92A8A /* EasyPlayerReader */ = {
			isa = PBXGroup;
			children = (
				6696779C22753F5B00E92A8A /* PlayerDataReader.h */,
				6696779B22753F5B00E92A8A /* PlayerDataReader.mm */,
			);
			path = EasyPlayerReader;
			sourceTree = "<group>";
		};
		6696779E22753F5B00E92A8A /* Player */ = {
			isa = PBXGroup;
			children = (
				6696779F22753F5B00E92A8A /* AudioManager.h */,
				669677A022753F5B00E92A8A /* UIColor+HexColor.m */,
				669677A122753F5B00E92A8A /* VideoView.m */,
				669677A222753F5B00E92A8A /* AudioManager.mm */,
				669677A322753F5B00E92A8A /* VideoView.h */,
				669677A422753F5B00E92A8A /* UIColor+HexColor.h */,
			);
			path = Player;
			sourceTree = "<group>";
		};
		669677A522753F5B00E92A8A /* EasyVideoDecoder */ = {
			isa = PBXGroup;
			children = (
				669677A822753F5B00E92A8A /* HWVideoDecoder.h */,
				669677A622753F5B00E92A8A /* HWVideoDecoder.m */,
				669677A722753F5B00E92A8A /* VideoDecode.h */,
				669677A922753F5B00E92A8A /* VideoDecode.c */,
			);
			path = EasyVideoDecoder;
			sourceTree = "<group>";
		};
		7A0DC49A2813D2FB8B90E0C7 /* Pods */ = {
			isa = PBXGroup;
			children = (
				91A61A234C659B3130EECFE7 /* Pods-EasyPlayer.debug.xcconfig */,
				C7C030FE36C447773FBA3A82 /* Pods-EasyPlayer.release.xcconfig */,
				02E19BEBCD451349B8CB5207 /* Pods-EasyPlayerRTSP.debug.xcconfig */,
				E8EE66CDBAC44889E7D217F6 /* Pods-EasyPlayerRTSP.release.xcconfig */,
			);
			name = Pods;
			sourceTree = "<group>";
		};
		E1A6BC121FBAC6EC0000213E = {
			isa = PBXGroup;
			children = (
				E1A6BC1D1FBAC6EC0000213E /* EasyPlayer */,
				E1A6BC1C1FBAC6EC0000213E /* Products */,
				E1A6BCAD1FBAC7690000213E /* Frameworks */,
				7A0DC49A2813D2FB8B90E0C7 /* Pods */,
			);
			sourceTree = "<group>";
		};
		E1A6BC1C1FBAC6EC0000213E /* Products */ = {
			isa = PBXGroup;
			children = (
				E1A6BC1B1FBAC6EC0000213E /* EasyPlayerRTSP.app */,
			);
			name = Products;
			sourceTree = "<group>";
		};
		E1A6BC1D1FBAC6EC0000213E /* EasyPlayer */ = {
			isa = PBXGroup;
			children = (
				6696778822753F5A00E92A8A /* Main */,
				6696777B22753F5A00E92A8A /* View */,
				6696774322753F5A00E92A8A /* ViewController */,
				6696776B22753F5A00E92A8A /* Model */,
				6696779E22753F5B00E92A8A /* Player */,
				6696779522753F5B00E92A8A /* kxmovie */,
				6696779A22753F5B00E92A8A /* EasyPlayerReader */,
				6696776222753F5A00E92A8A /* MuxerToVideo */,
				669677A522753F5B00E92A8A /* EasyVideoDecoder */,
				6696778E22753F5A00E92A8A /* EasyAudioDecoder */,
				6696777622753F5A00E92A8A /* libEasyRTSPClient */,
				664FAC09206396D800A2C767 /* ffmpeg */,
				E1A6BC1E1FBAC6EC0000213E /* Supporting Files */,
			);
			path = EasyPlayer;
			sourceTree = "<group>";
		};
		E1A6BC1E1FBAC6EC0000213E /* Supporting Files */ = {
			isa = PBXGroup;
			children = (
				6696779D22753F5B00E92A8A /* Assets.xcassets */,
				6696776A22753F5A00E92A8A /* NewIcon.xcassets */,
			);
			name = "Supporting Files";
			sourceTree = "<group>";
		};
		E1A6BCAD1FBAC7690000213E /* Frameworks */ = {
			isa = PBXGroup;
			children = (
				368B0B5F1FCBFFB000172BDB /* CoreMedia.framework */,
				368B0B5C1FCBFF8D00172BDB /* CoreVideo.framework */,
				368B0B5D1FCBFF8D00172BDB /* VideoToolbox.framework */,
				E1A6BCB41FBAC77C0000213E /* libbz2.tbd */,
				E1A6BCB21FBAC7760000213E /* libz.tbd */,
				E1A6BCB01FBAC7710000213E /* libiconv.tbd */,
				E1A6BCAE1FBAC7690000213E /* libstdc++.tbd */,
				8BB8A4E103221CB3A011DF9F /* Pods_EasyPlayerRTSP.framework */,
			);
			name = Frameworks;
			sourceTree = "<group>";
		};
/* End PBXGroup section */

/* Begin PBXNativeTarget section */
		E1A6BC1A1FBAC6EC0000213E /* EasyPlayerRTSP */ = {
			isa = PBXNativeTarget;
			buildConfigurationList = E1A6BC321FBAC6EC0000213E /* Build configuration list for PBXNativeTarget "EasyPlayerRTSP" */;
			buildPhases = (
				4938D4066262131F5A237DDD /* [CP] Check Pods Manifest.lock */,
				E1A6BC171FBAC6EC0000213E /* Sources */,
				E1A6BC181FBAC6EC0000213E /* Frameworks */,
				E1A6BC191FBAC6EC0000213E /* Resources */,
				A244D156A0CE2BF3592519CE /* [CP] Embed Pods Frameworks */,
			);
			buildRules = (
			);
			dependencies = (
			);
			name = EasyPlayerRTSP;
			productName = EasyPlayer;
			productReference = E1A6BC1B1FBAC6EC0000213E /* EasyPlayerRTSP.app */;
			productType = "com.apple.product-type.application";
		};
/* End PBXNativeTarget section */

/* Begin PBXProject section */
		E1A6BC131FBAC6EC0000213E /* Project object */ = {
			isa = PBXProject;
			attributes = {
				LastUpgradeCheck = 1020;
				ORGANIZATIONNAME = cs;
				TargetAttributes = {
					E1A6BC1A1FBAC6EC0000213E = {
						CreatedOnToolsVersion = 8.2.1;
						DevelopmentTeam = 33USAS7KQX;
						ProvisioningStyle = Automatic;
					};
				};
			};
			buildConfigurationList = E1A6BC161FBAC6EC0000213E /* Build configuration list for PBXProject "EasyPlayerRTSP" */;
			compatibilityVersion = "Xcode 3.2";
			developmentRegion = en;
			hasScannedForEncodings = 0;
			knownRegions = (
				en,
				Base,
			);
			mainGroup = E1A6BC121FBAC6EC0000213E;
			productRefGroup = E1A6BC1C1FBAC6EC0000213E /* Products */;
			projectDirPath = "";
			projectRoot = "";
			targets = (
				E1A6BC1A1FBAC6EC0000213E /* EasyPlayerRTSP */,
			);
		};
/* End PBXProject section */

/* Begin PBXResourcesBuildPhase section */
		E1A6BC191FBAC6EC0000213E /* Resources */ = {
			isa = PBXResourcesBuildPhase;
			buildActionMask = 2147483647;
			files = (
				669677C522753F5B00E92A8A /* Main.storyboard in Resources */,
				669677C422753F5B00E92A8A /* LaunchScreen.storyboard in Resources */,
				669677D022753F5B00E92A8A /* Assets.xcassets in Resources */,
				669677BA22753F5B00E92A8A /* NewIcon.xcassets in Resources */,
			);
			runOnlyForDeploymentPostprocessing = 0;
		};
/* End PBXResourcesBuildPhase section */

/* Begin PBXShellScriptBuildPhase section */
		4938D4066262131F5A237DDD /* [CP] Check Pods Manifest.lock */ = {
			isa = PBXShellScriptBuildPhase;
			buildActionMask = 2147483647;
			files = (
			);
			inputPaths = (
				"${PODS_PODFILE_DIR_PATH}/Podfile.lock",
				"${PODS_ROOT}/Manifest.lock",
			);
			name = "[CP] Check Pods Manifest.lock";
			outputPaths = (
				"$(DERIVED_FILE_DIR)/Pods-EasyPlayerRTSP-checkManifestLockResult.txt",
			);
			runOnlyForDeploymentPostprocessing = 0;
			shellPath = /bin/sh;
			shellScript = "diff \"${PODS_PODFILE_DIR_PATH}/Podfile.lock\" \"${PODS_ROOT}/Manifest.lock\" > /dev/null\nif [ $? != 0 ] ; then\n    # print error to STDERR\n    echo \"error: The sandbox is not in sync with the Podfile.lock. Run 'pod install' or update your CocoaPods installation.\" >&2\n    exit 1\nfi\n# This output is used by Xcode 'outputs' to avoid re-running this script phase.\necho \"SUCCESS\" > \"${SCRIPT_OUTPUT_FILE_0}\"\n";
			showEnvVarsInLog = 0;
		};
		A244D156A0CE2BF3592519CE /* [CP] Embed Pods Frameworks */ = {
			isa = PBXShellScriptBuildPhase;
			buildActionMask = 2147483647;
			files = (
			);
			inputPaths = (
				"${SRCROOT}/Pods/Target Support Files/Pods-EasyPlayerRTSP/Pods-EasyPlayerRTSP-frameworks.sh",
				"${BUILT_PRODUCTS_DIR}/IQKeyboardManager/IQKeyboardManager.framework",
				"${BUILT_PRODUCTS_DIR}/Masonry/Masonry.framework",
				"${BUILT_PRODUCTS_DIR}/RTRootNavigationController/RTRootNavigationController.framework",
				"${BUILT_PRODUCTS_DIR}/ReactiveCocoa/ReactiveCocoa.framework",
				"${BUILT_PRODUCTS_DIR}/WHToast/WHToast.framework",
				"${BUILT_PRODUCTS_DIR}/YYKit/YYKit.framework",
			);
			name = "[CP] Embed Pods Frameworks";
			outputPaths = (
				"${TARGET_BUILD_DIR}/${FRAMEWORKS_FOLDER_PATH}/IQKeyboardManager.framework",
				"${TARGET_BUILD_DIR}/${FRAMEWORKS_FOLDER_PATH}/Masonry.framework",
				"${TARGET_BUILD_DIR}/${FRAMEWORKS_FOLDER_PATH}/RTRootNavigationController.framework",
				"${TARGET_BUILD_DIR}/${FRAMEWORKS_FOLDER_PATH}/ReactiveCocoa.framework",
				"${TARGET_BUILD_DIR}/${FRAMEWORKS_FOLDER_PATH}/WHToast.framework",
				"${TARGET_BUILD_DIR}/${FRAMEWORKS_FOLDER_PATH}/YYKit.framework",
			);
			runOnlyForDeploymentPostprocessing = 0;
			shellPath = /bin/sh;
			shellScript = "\"${SRCROOT}/Pods/Target Support Files/Pods-EasyPlayerRTSP/Pods-EasyPlayerRTSP-frameworks.sh\"\n";
			showEnvVarsInLog = 0;
		};
/* End PBXShellScriptBuildPhase section */

/* Begin PBXSourcesBuildPhase section */
		E1A6BC171FBAC6EC0000213E /* Sources */ = {
			isa = PBXSourcesBuildPhase;
			buildActionMask = 2147483647;
			files = (
				669677D522753F5B00E92A8A /* VideoDecode.c in Sources */,
				669677B622753F5B00E92A8A /* BaseViewController.m in Sources */,
				669677BD22753F5B00E92A8A /* URLModel.m in Sources */,
				669677B822753F5B00E92A8A /* MuxerToMP4.c in Sources */,
				669677B022753F5B00E92A8A /* ScanViewController.m in Sources */,
				669677D122753F5B00E92A8A /* UIColor+HexColor.m in Sources */,
				669677AF22753F5B00E92A8A /* EditURLViewController.m in Sources */,
				669677B422753F5B00E92A8A /* VideoPlayerController.m in Sources */,
				669677AA22753F5B00E92A8A /* RootViewController.m in Sources */,
				669677D322753F5B00E92A8A /* AudioManager.mm in Sources */,
				669677AD22753F5B00E92A8A /* PlayRecordViewController.m in Sources */,
				669677B122753F5B00E92A8A /* AboutViewController.m in Sources */,
				669677CD22753F5B00E92A8A /* KxMovieGLView.m in Sources */,
				669677D422753F5B00E92A8A /* HWVideoDecoder.m in Sources */,
				669677BE22753F5B00E92A8A /* NSUserDefaultsUnit.m in Sources */,
				669677AB22753F5B00E92A8A /* RecordListViewController.m in Sources */,
				669677C322753F5B00E92A8A /* VideoCell.m in Sources */,
				669677C122753F5B00E92A8A /* RecordListCell.m in Sources */,
				669677AC22753F5B00E92A8A /* RecordViewController.m in Sources */,
				669677C822753F5B00E92A8A /* AppDelegate.m in Sources */,
				669677B522753F5B00E92A8A /* BaseTableViewController.m in Sources */,
				669677B322753F5B00E92A8A /* SplitScreenViewController.m in Sources */,
				669677D222753F5B00E92A8A /* VideoView.m in Sources */,
				669677CF22753F5B00E92A8A /* PlayerDataReader.mm in Sources */,
				669677C222753F5B00E92A8A /* ScreenShotListCell.m in Sources */,
				669677B922753F5B00E92A8A /* Muxer.c in Sources */,
				669677C622753F5B00E92A8A /* VideoPanel.mm in Sources */,
				669677B222753F5B00E92A8A /* SettingViewController.m in Sources */,
				669677BF22753F5B00E92A8A /* HRGBaseModel.m in Sources */,
				669677CA22753F5B00E92A8A /* g711.c in Sources */,
				669677AE22753F5B00E92A8A /* ScreenShotListViewController.m in Sources */,
				669677BB22753F5B00E92A8A /* PathUnit.m in Sources */,
				669677CB22753F5B00E92A8A /* AACDecoder.c in Sources */,
				669677CE22753F5B00E92A8A /* KxMovieDecoder.m in Sources */,
				669677CC22753F5B00E92A8A /* EasyAudioDecoder.c in Sources */,
				669677C722753F5B00E92A8A /* main.m in Sources */,
				669677BC22753F5B00E92A8A /* URLUnit.m in Sources */,
			);
			runOnlyForDeploymentPostprocessing = 0;
		};
/* End PBXSourcesBuildPhase section */

/* Begin PBXVariantGroup section */
		6696777F22753F5A00E92A8A /* LaunchScreen.storyboard */ = {
			isa = PBXVariantGroup;
			children = (
				6696778022753F5A00E92A8A /* Base */,
			);
			name = LaunchScreen.storyboard;
			sourceTree = "<group>";
		};
		6696778122753F5A00E92A8A /* Main.storyboard */ = {
			isa = PBXVariantGroup;
			children = (
				6696778222753F5A00E92A8A /* Base */,
			);
			name = Main.storyboard;
			sourceTree = "<group>";
		};
/* End PBXVariantGroup section */

/* Begin XCBuildConfiguration section */
		E1A6BC301FBAC6EC0000213E /* Debug */ = {
			isa = XCBuildConfiguration;
			buildSettings = {
				ALWAYS_SEARCH_USER_PATHS = NO;
				CLANG_ANALYZER_LOCALIZABILITY_NONLOCALIZED = YES;
				CLANG_ANALYZER_NONNULL = YES;
				CLANG_CXX_LANGUAGE_STANDARD = "gnu++0x";
				CLANG_CXX_LIBRARY = "libc++";
				CLANG_ENABLE_MODULES = YES;
				CLANG_ENABLE_OBJC_ARC = YES;
				CLANG_WARN_BLOCK_CAPTURE_AUTORELEASING = YES;
				CLANG_WARN_BOOL_CONVERSION = YES;
				CLANG_WARN_COMMA = YES;
				CLANG_WARN_CONSTANT_CONVERSION = YES;
				CLANG_WARN_DEPRECATED_OBJC_IMPLEMENTATIONS = YES;
				CLANG_WARN_DIRECT_OBJC_ISA_USAGE = YES_ERROR;
				CLANG_WARN_DOCUMENTATION_COMMENTS = YES;
				CLANG_WARN_EMPTY_BODY = YES;
				CLANG_WARN_ENUM_CONVERSION = YES;
				CLANG_WARN_INFINITE_RECURSION = YES;
				CLANG_WARN_INT_CONVERSION = YES;
				CLANG_WARN_NON_LITERAL_NULL_CONVERSION = YES;
				CLANG_WARN_OBJC_IMPLICIT_RETAIN_SELF = YES;
				CLANG_WARN_OBJC_LITERAL_CONVERSION = YES;
				CLANG_WARN_OBJC_ROOT_CLASS = YES_ERROR;
				CLANG_WARN_RANGE_LOOP_ANALYSIS = YES;
				CLANG_WARN_STRICT_PROTOTYPES = YES;
				CLANG_WARN_SUSPICIOUS_MOVE = YES;
				CLANG_WARN_UNREACHABLE_CODE = YES;
				CLANG_WARN__DUPLICATE_METHOD_MATCH = YES;
				"CODE_SIGN_IDENTITY[sdk=iphoneos*]" = "iPhone Developer";
				COPY_PHASE_STRIP = NO;
				DEBUG_INFORMATION_FORMAT = dwarf;
				ENABLE_STRICT_OBJC_MSGSEND = YES;
				ENABLE_TESTABILITY = YES;
				GCC_C_LANGUAGE_STANDARD = gnu99;
				GCC_DYNAMIC_NO_PIC = NO;
				GCC_NO_COMMON_BLOCKS = YES;
				GCC_OPTIMIZATION_LEVEL = 0;
				GCC_PREPROCESSOR_DEFINITIONS = (
					"DEBUG=1",
					"$(inherited)",
				);
				GCC_WARN_64_TO_32_BIT_CONVERSION = YES;
				GCC_WARN_ABOUT_RETURN_TYPE = YES_ERROR;
				GCC_WARN_UNDECLARED_SELECTOR = YES;
				GCC_WARN_UNINITIALIZED_AUTOS = YES_AGGRESSIVE;
				GCC_WARN_UNUSED_FUNCTION = YES;
				GCC_WARN_UNUSED_VARIABLE = YES;
				IPHONEOS_DEPLOYMENT_TARGET = 10.2;
				MTL_ENABLE_DEBUG_INFO = YES;
				ONLY_ACTIVE_ARCH = YES;
				SDKROOT = iphoneos;
			};
			name = Debug;
		};
		E1A6BC311FBAC6EC0000213E /* Release */ = {
			isa = XCBuildConfiguration;
			buildSettings = {
				ALWAYS_SEARCH_USER_PATHS = NO;
				CLANG_ANALYZER_LOCALIZABILITY_NONLOCALIZED = YES;
				CLANG_ANALYZER_NONNULL = YES;
				CLANG_CXX_LANGUAGE_STANDARD = "gnu++0x";
				CLANG_CXX_LIBRARY = "libc++";
				CLANG_ENABLE_MODULES = YES;
				CLANG_ENABLE_OBJC_ARC = YES;
				CLANG_WARN_BLOCK_CAPTURE_AUTORELEASING = YES;
				CLANG_WARN_BOOL_CONVERSION = YES;
				CLANG_WARN_COMMA = YES;
				CLANG_WARN_CONSTANT_CONVERSION = YES;
				CLANG_WARN_DEPRECATED_OBJC_IMPLEMENTATIONS = YES;
				CLANG_WARN_DIRECT_OBJC_ISA_USAGE = YES_ERROR;
				CLANG_WARN_DOCUMENTATION_COMMENTS = YES;
				CLANG_WARN_EMPTY_BODY = YES;
				CLANG_WARN_ENUM_CONVERSION = YES;
				CLANG_WARN_INFINITE_RECURSION = YES;
				CLANG_WARN_INT_CONVERSION = YES;
				CLANG_WARN_NON_LITERAL_NULL_CONVERSION = YES;
				CLANG_WARN_OBJC_IMPLICIT_RETAIN_SELF = YES;
				CLANG_WARN_OBJC_LITERAL_CONVERSION = YES;
				CLANG_WARN_OBJC_ROOT_CLASS = YES_ERROR;
				CLANG_WARN_RANGE_LOOP_ANALYSIS = YES;
				CLANG_WARN_STRICT_PROTOTYPES = YES;
				CLANG_WARN_SUSPICIOUS_MOVE = YES;
				CLANG_WARN_UNREACHABLE_CODE = YES;
				CLANG_WARN__DUPLICATE_METHOD_MATCH = YES;
				"CODE_SIGN_IDENTITY[sdk=iphoneos*]" = "iPhone Developer";
				COPY_PHASE_STRIP = NO;
				DEBUG_INFORMATION_FORMAT = "dwarf-with-dsym";
				ENABLE_NS_ASSERTIONS = NO;
				ENABLE_STRICT_OBJC_MSGSEND = YES;
				GCC_C_LANGUAGE_STANDARD = gnu99;
				GCC_NO_COMMON_BLOCKS = YES;
				GCC_WARN_64_TO_32_BIT_CONVERSION = YES;
				GCC_WARN_ABOUT_RETURN_TYPE = YES_ERROR;
				GCC_WARN_UNDECLARED_SELECTOR = YES;
				GCC_WARN_UNINITIALIZED_AUTOS = YES_AGGRESSIVE;
				GCC_WARN_UNUSED_FUNCTION = YES;
				GCC_WARN_UNUSED_VARIABLE = YES;
				IPHONEOS_DEPLOYMENT_TARGET = 10.2;
				MTL_ENABLE_DEBUG_INFO = NO;
				SDKROOT = iphoneos;
				VALIDATE_PRODUCT = YES;
			};
			name = Release;
		};
		E1A6BC331FBAC6EC0000213E /* Debug */ = {
			isa = XCBuildConfiguration;
			baseConfigurationReference = 02E19BEBCD451349B8CB5207 /* Pods-EasyPlayerRTSP.debug.xcconfig */;
			buildSettings = {
				ASSETCATALOG_COMPILER_APPICON_NAME = AppIcon;
				ASSETCATALOG_COMPILER_LAUNCHIMAGE_NAME = "LaunchImage-2";
				CLANG_CXX_LANGUAGE_STANDARD = "compiler-default";
				CLANG_CXX_LIBRARY = "libc++";
				CLANG_WARN_BOOL_CONVERSION = NO;
				CLANG_WARN_CONSTANT_CONVERSION = NO;
				CLANG_WARN_DOCUMENTATION_COMMENTS = NO;
				CLANG_WARN_EMPTY_BODY = NO;
				CLANG_WARN_SUSPICIOUS_MOVE = NO;
				CODE_SIGN_IDENTITY = "iPhone Developer";
				CODE_SIGN_STYLE = Automatic;
				DEVELOPMENT_TEAM = 33USAS7KQX;
				ENABLE_BITCODE = NO;
				FRAMEWORK_SEARCH_PATHS = (
					"$(inherited)",
					"\"${PODS_CONFIGURATION_BUILD_DIR}/IQKeyboardManager\"",
					"\"${PODS_CONFIGURATION_BUILD_DIR}/Masonry\"",
					"\"${PODS_CONFIGURATION_BUILD_DIR}/RTRootNavigationController\"",
					"\"${PODS_CONFIGURATION_BUILD_DIR}/ReactiveCocoa\"",
					"\"${PODS_CONFIGURATION_BUILD_DIR}/WHToast\"",
					"\"${PODS_CONFIGURATION_BUILD_DIR}/YYKit\"",
					"\"${PODS_ROOT}/Bugly\"",
				);
				GCC_NO_COMMON_BLOCKS = NO;
				GCC_PRECOMPILE_PREFIX_HEADER = NO;
				GCC_PREFIX_HEADER = "${SRCROOT}/EasyPlayer/Main/PrefixHeader.pch";
				GCC_SYMBOLS_PRIVATE_EXTERN = NO;
				HEADER_SEARCH_PATHS = (
					"$(inherited)",
					"$(SDKROOT)/usr/include/libxml2",
					"$(PROJECT_DIR)/EasyPlayer/ffmpeg/include",
					"\"${PODS_ROOT}/Headers/Public/Masonry\"",
				);
				INFOPLIST_FILE = "$(SRCROOT)/EasyPlayer/Main/Info.plist";
				IPHONEOS_DEPLOYMENT_TARGET = 9.0;
				LD_RUNPATH_SEARCH_PATHS = "$(inherited) @executable_path/Frameworks";
				LIBRARY_SEARCH_PATHS = (
					"$(inherited)",
					"$(PROJECT_DIR)/EasyPlayer/ffmpeg/lib",
					"$(PROJECT_DIR)/EasyPlayer/libEasyRTSPClient",
				);
				ORDER_FILE = "";
				PRODUCT_BUNDLE_IDENTIFIER = org.easydarwin.easyplayer;
				PRODUCT_NAME = "$(TARGET_NAME)";
				PROVISIONING_PROFILE = "";
				PROVISIONING_PROFILE_SPECIFIER = "";
			};
			name = Debug;
		};
		E1A6BC341FBAC6EC0000213E /* Release */ = {
			isa = XCBuildConfiguration;
			baseConfigurationReference = E8EE66CDBAC44889E7D217F6 /* Pods-EasyPlayerRTSP.release.xcconfig */;
			buildSettings = {
				ASSETCATALOG_COMPILER_APPICON_NAME = AppIcon;
				ASSETCATALOG_COMPILER_LAUNCHIMAGE_NAME = "LaunchImage-2";
				CLANG_CXX_LANGUAGE_STANDARD = "compiler-default";
				CLANG_CXX_LIBRARY = "libc++";
				CLANG_WARN_BOOL_CONVERSION = NO;
				CLANG_WARN_CONSTANT_CONVERSION = NO;
				CLANG_WARN_DOCUMENTATION_COMMENTS = NO;
				CLANG_WARN_EMPTY_BODY = NO;
				CLANG_WARN_SUSPICIOUS_MOVE = NO;
				CODE_SIGN_IDENTITY = "iPhone Developer";
				CODE_SIGN_STYLE = Automatic;
				DEVELOPMENT_TEAM = 33USAS7KQX;
				ENABLE_BITCODE = NO;
				FRAMEWORK_SEARCH_PATHS = (
					"$(inherited)",
					"\"${PODS_CONFIGURATION_BUILD_DIR}/IQKeyboardManager\"",
					"\"${PODS_CONFIGURATION_BUILD_DIR}/Masonry\"",
					"\"${PODS_CONFIGURATION_BUILD_DIR}/RTRootNavigationController\"",
					"\"${PODS_CONFIGURATION_BUILD_DIR}/ReactiveCocoa\"",
					"\"${PODS_CONFIGURATION_BUILD_DIR}/WHToast\"",
					"\"${PODS_CONFIGURATION_BUILD_DIR}/YYKit\"",
					"\"${PODS_ROOT}/Bugly\"",
				);
				GCC_NO_COMMON_BLOCKS = NO;
				GCC_PRECOMPILE_PREFIX_HEADER = NO;
				GCC_PREFIX_HEADER = "${SRCROOT}/EasyPlayer/Main/PrefixHeader.pch";
				HEADER_SEARCH_PATHS = (
					"$(inherited)",
					"$(SDKROOT)/usr/include/libxml2",
					"$(PROJECT_DIR)/EasyPlayer/ffmpeg/include",
					"\"${PODS_ROOT}/Headers/Public/Masonry\"",
				);
				INFOPLIST_FILE = "$(SRCROOT)/EasyPlayer/Main/Info.plist";
				IPHONEOS_DEPLOYMENT_TARGET = 9.0;
				LD_RUNPATH_SEARCH_PATHS = "$(inherited) @executable_path/Frameworks";
				LIBRARY_SEARCH_PATHS = (
					"$(inherited)",
					"$(PROJECT_DIR)/EasyPlayer/ffmpeg/lib",
					"$(PROJECT_DIR)/EasyPlayer/libEasyRTSPClient",
				);
				ORDER_FILE = "";
				OTHER_CFLAGS = "-DNS_BLOCK_ASSERTIONS=1";
				PRODUCT_BUNDLE_IDENTIFIER = org.easydarwin.easyplayer;
				PRODUCT_NAME = "$(TARGET_NAME)";
				PROVISIONING_PROFILE = "";
				PROVISIONING_PROFILE_SPECIFIER = "";
			};
			name = Release;
		};
/* End XCBuildConfiguration section */

/* Begin XCConfigurationList section */
		E1A6BC161FBAC6EC0000213E /* Build configuration list for PBXProject "EasyPlayerRTSP" */ = {
			isa = XCConfigurationList;
			buildConfigurations = (
				E1A6BC301FBAC6EC0000213E /* Debug */,
				E1A6BC311FBAC6EC0000213E /* Release */,
			);
			defaultConfigurationIsVisible = 0;
			defaultConfigurationName = Release;
		};
		E1A6BC321FBAC6EC0000213E /* Build configuration list for PBXNativeTarget "EasyPlayerRTSP" */ = {
			isa = XCConfigurationList;
			buildConfigurations = (
				E1A6BC331FBAC6EC0000213E /* Debug */,
				E1A6BC341FBAC6EC0000213E /* Release */,
			);
			defaultConfigurationIsVisible = 0;
			defaultConfigurationName = Release;
		};
/* End XCConfigurationList section */
	};
	rootObject = E1A6BC131FBAC6EC0000213E /* Project object */;
}
